// !$*UTF8*$!
{
	archiveVersion = 1;
	classes = {
	};
	objectVersion = 46;
	objects = {

/* Begin PBXBuildFile section */
		8EA8DF4C1BB7624100133E43 /* MyCollectionViewCell.swift in Sources */ = {isa = PBXBuildFile; fileRef = 8EA8DF4B1BB7624100133E43 /* MyCollectionViewCell.swift */; };
		8EAD7A671BB5C64A007C8E2F /* MyTableViewController.swift in Sources */ = {isa = PBXBuildFile; fileRef = 8EAD7A661BB5C64A007C8E2F /* MyTableViewController.swift */; };
		8EAD7A691BB5C848007C8E2F /* MyCollectionViewController.swift in Sources */ = {isa = PBXBuildFile; fileRef = 8EAD7A681BB5C848007C8E2F /* MyCollectionViewController.swift */; };
		8EAD7A7B1BB5C8B2007C8E2F /* ClubsAce.png in Resources */ = {isa = PBXBuildFile; fileRef = 8EAD7A6B1BB5C8B2007C8E2F /* ClubsAce.png */; };
		8EAD7A7C1BB5C8B2007C8E2F /* ClubsJack.png in Resources */ = {isa = PBXBuildFile; fileRef = 8EAD7A6C1BB5C8B2007C8E2F /* ClubsJack.png */; };
		8EAD7A7D1BB5C8B2007C8E2F /* ClubsKing.png in Resources */ = {isa = PBXBuildFile; fileRef = 8EAD7A6D1BB5C8B2007C8E2F /* ClubsKing.png */; };
		8EAD7A7E1BB5C8B2007C8E2F /* ClubsQueen.png in Resources */ = {isa = PBXBuildFile; fileRef = 8EAD7A6E1BB5C8B2007C8E2F /* ClubsQueen.png */; };
		8EAD7A7F1BB5C8B2007C8E2F /* DiamondsAce.png in Resources */ = {isa = PBXBuildFile; fileRef = 8EAD7A6F1BB5C8B2007C8E2F /* DiamondsAce.png */; };
		8EAD7A801BB5C8B2007C8E2F /* DiamondsJack.png in Resources */ = {isa = PBXBuildFile; fileRef = 8EAD7A701BB5C8B2007C8E2F /* DiamondsJack.png */; };
		8EAD7A811BB5C8B2007C8E2F /* DiamondsKing.png in Resources */ = {isa = PBXBuildFile; fileRef = 8EAD7A711BB5C8B2007C8E2F /* DiamondsKing.png */; };
		8EAD7A821BB5C8B2007C8E2F /* DiamondsQueen.png in Resources */ = {isa = PBXBuildFile; fileRef = 8EAD7A721BB5C8B2007C8E2F /* DiamondsQueen.png */; };
		8EAD7A831BB5C8B2007C8E2F /* HeartsAce.png in Resources */ = {isa = PBXBuildFile; fileRef = 8EAD7A731BB5C8B2007C8E2F /* HeartsAce.png */; };
		8EAD7A841BB5C8B2007C8E2F /* HeartsJack.png in Resources */ = {isa = PBXBuildFile; fileRef = 8EAD7A741BB5C8B2007C8E2F /* HeartsJack.png */; };
		8EAD7A851BB5C8B2007C8E2F /* HeartsKing.png in Resources */ = {isa = PBXBuildFile; fileRef = 8EAD7A751BB5C8B2007C8E2F /* HeartsKing.png */; };
		8EAD7A861BB5C8B2007C8E2F /* HeartsQueen.png in Resources */ = {isa = PBXBuildFile; fileRef = 8EAD7A761BB5C8B2007C8E2F /* HeartsQueen.png */; };
		8EAD7A871BB5C8B2007C8E2F /* SpadesAce.png in Resources */ = {isa = PBXBuildFile; fileRef = 8EAD7A771BB5C8B2007C8E2F /* SpadesAce.png */; };
		8EAD7A881BB5C8B2007C8E2F /* SpadesJack.png in Resources */ = {isa = PBXBuildFile; fileRef = 8EAD7A781BB5C8B2007C8E2F /* SpadesJack.png */; };
		8EAD7A891BB5C8B2007C8E2F /* SpadesKing.png in Resources */ = {isa = PBXBuildFile; fileRef = 8EAD7A791BB5C8B2007C8E2F /* SpadesKing.png */; };
		8EAD7A8A1BB5C8B2007C8E2F /* SpadesQueen.png in Resources */ = {isa = PBXBuildFile; fileRef = 8EAD7A7A1BB5C8B2007C8E2F /* SpadesQueen.png */; };
		8EAD7A8C1BB5D0B8007C8E2F /* Card.swift in Sources */ = {isa = PBXBuildFile; fileRef = 8EAD7A8B1BB5D0B8007C8E2F /* Card.swift */; };
		8ECCACF61BB4A67A00B868A1 /* AppDelegate.swift in Sources */ = {isa = PBXBuildFile; fileRef = 8ECCACF51BB4A67A00B868A1 /* AppDelegate.swift */; };
		8ECCACF81BB4A67A00B868A1 /* ViewController.swift in Sources */ = {isa = PBXBuildFile; fileRef = 8ECCACF71BB4A67A00B868A1 /* ViewController.swift */; };
		8ECCACFB1BB4A67A00B868A1 /* Main.storyboard in Resources */ = {isa = PBXBuildFile; fileRef = 8ECCACF91BB4A67A00B868A1 /* Main.storyboard */; };
		8ECCACFD1BB4A67A00B868A1 /* Images.xcassets in Resources */ = {isa = PBXBuildFile; fileRef = 8ECCACFC1BB4A67A00B868A1 /* Images.xcassets */; };
		8ECCAD001BB4A67A00B868A1 /* LaunchScreen.xib in Resources */ = {isa = PBXBuildFile; fileRef = 8ECCACFE1BB4A67A00B868A1 /* LaunchScreen.xib */; };
		8ECCAD0C1BB4A67A00B868A1 /* GoodmanZachary_hw3Tests.swift in Sources */ = {isa = PBXBuildFile; fileRef = 8ECCAD0B1BB4A67A00B868A1 /* GoodmanZachary_hw3Tests.swift */; };
/* End PBXBuildFile section */

/* Begin PBXContainerItemProxy section */
		8ECCAD061BB4A67A00B868A1 /* PBXContainerItemProxy */ = {
			isa = PBXContainerItemProxy;
			containerPortal = 8ECCACE81BB4A67900B868A1 /* Project object */;
			proxyType = 1;
			remoteGlobalIDString = 8ECCACEF1BB4A67A00B868A1;
			remoteInfo = "GoodmanZachary-hw3";
		};
/* End PBXContainerItemProxy section */

/* Begin PBXFileReference section */
		8EA8DF4B1BB7624100133E43 /* MyCollectionViewCell.swift */ = {isa = PBXFileReference; fileEncoding = 4; lastKnownFileType = sourcecode.swift; path = MyCollectionViewCell.swift; sourceTree = "<group>"; };
		8EAD7A661BB5C64A007C8E2F /* MyTableViewController.swift */ = {isa = PBXFileReference; fileEncoding = 4; lastKnownFileType = sourcecode.swift; path = MyTableViewController.swift; sourceTree = "<group>"; };
		8EAD7A681BB5C848007C8E2F /* MyCollectionViewController.swift */ = {isa = PBXFileReference; fileEncoding = 4; lastKnownFileType = sourcecode.swift; path = MyCollectionViewController.swift; sourceTree = "<group>"; };
		8EAD7A6B1BB5C8B2007C8E2F /* ClubsAce.png */ = {isa = PBXFileReference; lastKnownFileType = image.png; path = ClubsAce.png; sourceTree = "<group>"; };
		8EAD7A6C1BB5C8B2007C8E2F /* ClubsJack.png */ = {isa = PBXFileReference; lastKnownFileType = image.png; path = ClubsJack.png; sourceTree = "<group>"; };
		8EAD7A6D1BB5C8B2007C8E2F /* ClubsKing.png */ = {isa = PBXFileReference; lastKnownFileType = image.png; path = ClubsKing.png; sourceTree = "<group>"; };
		8EAD7A6E1BB5C8B2007C8E2F /* ClubsQueen.png */ = {isa = PBXFileReference; lastKnownFileType = image.png; path = ClubsQueen.png; sourceTree = "<group>"; };
		8EAD7A6F1BB5C8B2007C8E2F /* DiamondsAce.png */ = {isa = PBXFileReference; lastKnownFileType = image.png; path = DiamondsAce.png; sourceTree = "<group>"; };
		8EAD7A701BB5C8B2007C8E2F /* DiamondsJack.png */ = {isa = PBXFileReference; lastKnownFileType = image.png; path = DiamondsJack.png; sourceTree = "<group>"; };
		8EAD7A711BB5C8B2007C8E2F /* DiamondsKing.png */ = {isa = PBXFileReference; lastKnownFileType = image.png; path = DiamondsKing.png; sourceTree = "<group>"; };
		8EAD7A721BB5C8B2007C8E2F /* DiamondsQueen.png */ = {isa = PBXFileReference; lastKnownFileType = image.png; path = DiamondsQueen.png; sourceTree = "<group>"; };
		8EAD7A731BB5C8B2007C8E2F /* HeartsAce.png */ = {isa = PBXFileReference; lastKnownFileType = image.png; path = HeartsAce.png; sourceTree = "<group>"; };
		8EAD7A741BB5C8B2007C8E2F /* HeartsJack.png */ = {isa = PBXFileReference; lastKnownFileType = image.png; path = HeartsJack.png; sourceTree = "<group>"; };
		8EAD7A751BB5C8B2007C8E2F /* HeartsKing.png */ = {isa = PBXFileReference; lastKnownFileType = image.png; path = HeartsKing.png; sourceTree = "<group>"; };
		8EAD7A761BB5C8B2007C8E2F /* HeartsQueen.png */ = {isa = PBXFileReference; lastKnownFileType = image.png; path = HeartsQueen.png; sourceTree = "<group>"; };
		8EAD7A771BB5C8B2007C8E2F /* SpadesAce.png */ = {isa = PBXFileReference; lastKnownFileType = image.png; path = SpadesAce.png; sourceTree = "<group>"; };
		8EAD7A781BB5C8B2007C8E2F /* SpadesJack.png */ = {isa = PBXFileReference; lastKnownFileType = image.png; path = SpadesJack.png; sourceTree = "<group>"; };
		8EAD7A791BB5C8B2007C8E2F /* SpadesKing.png */ = {isa = PBXFileReference; lastKnownFileType = image.png; path = SpadesKing.png; sourceTree = "<group>"; };
		8EAD7A7A1BB5C8B2007C8E2F /* SpadesQueen.png */ = {isa = PBXFileReference; lastKnownFileType = image.png; path = SpadesQueen.png; sourceTree = "<group>"; };
		8EAD7A8B1BB5D0B8007C8E2F /* Card.swift */ = {isa = PBXFileReference; fileEncoding = 4; lastKnownFileType = sourcecode.swift; path = Card.swift; sourceTree = "<group>"; };
		8ECCACF01BB4A67A00B868A1 /* GoodmanZachary-hw3.app */ = {isa = PBXFileReference; explicitFileType = wrapper.application; includeInIndex = 0; path = "GoodmanZachary-hw3.app"; sourceTree = BUILT_PRODUCTS_DIR; };
		8ECCACF41BB4A67A00B868A1 /* Info.plist */ = {isa = PBXFileReference; lastKnownFileType = text.plist.xml; path = Info.plist; sourceTree = "<group>"; };
		8ECCACF51BB4A67A00B868A1 /* AppDelegate.swift */ = {isa = PBXFileReference; lastKnownFileType = sourcecode.swift; path = AppDelegate.swift; sourceTree = "<group>"; };
		8ECCACF71BB4A67A00B868A1 /* ViewController.swift */ = {isa = PBXFileReference; lastKnownFileType = sourcecode.swift; path = ViewController.swift; sourceTree = "<group>"; };
		8ECCACFA1BB4A67A00B868A1 /* Base */ = {isa = PBXFileReference; lastKnownFileType = file.storyboard; name = Base; path = Base.lproj/Main.storyboard; sourceTree = "<group>"; };
		8ECCACFC1BB4A67A00B868A1 /* Images.xcassets */ = {isa = PBXFileReference; lastKnownFileType = folder.assetcatalog; path = Images.xcassets; sourceTree = "<group>"; };
		8ECCACFF1BB4A67A00B868A1 /* Base */ = {isa = PBXFileReference; lastKnownFileType = file.xib; name = Base; path = Base.lproj/LaunchScreen.xib; sourceTree = "<group>"; };
		8ECCAD051BB4A67A00B868A1 /* GoodmanZachary-hw3Tests.xctest */ = {isa = PBXFileReference; explicitFileType = wrapper.cfbundle; includeInIndex = 0; path = "GoodmanZachary-hw3Tests.xctest"; sourceTree = BUILT_PRODUCTS_DIR; };
		8ECCAD0A1BB4A67A00B868A1 /* Info.plist */ = {isa = PBXFileReference; lastKnownFileType = text.plist.xml; path = Info.plist; sourceTree = "<group>"; };
		8ECCAD0B1BB4A67A00B868A1 /* GoodmanZachary_hw3Tests.swift */ = {isa = PBXFileReference; lastKnownFileType = sourcecode.swift; path = GoodmanZachary_hw3Tests.swift; sourceTree = "<group>"; };
/* End PBXFileReference section */

/* Begin PBXFrameworksBuildPhase section */
		8ECCACED1BB4A67A00B868A1 /* Frameworks */ = {
			isa = PBXFrameworksBuildPhase;
			buildActionMask = 2147483647;
			files = (
			);
			runOnlyForDeploymentPostprocessing = 0;
		};
		8ECCAD021BB4A67A00B868A1 /* Frameworks */ = {
			isa = PBXFrameworksBuildPhase;
			buildActionMask = 2147483647;
			files = (
			);
			runOnlyForDeploymentPostprocessing = 0;
		};
/* End PBXFrameworksBuildPhase section */

/* Begin PBXGroup section */
		8EA8DF4E1BB76B1C00133E43 /* images */ = {
			isa = PBXGroup;
			children = (
				8EAD7A6B1BB5C8B2007C8E2F /* ClubsAce.png */,
				8EAD7A6C1BB5C8B2007C8E2F /* ClubsJack.png */,
				8EAD7A6D1BB5C8B2007C8E2F /* ClubsKing.png */,
				8EAD7A6E1BB5C8B2007C8E2F /* ClubsQueen.png */,
				8EAD7A6F1BB5C8B2007C8E2F /* DiamondsAce.png */,
				8EAD7A701BB5C8B2007C8E2F /* DiamondsJack.png */,
				8EAD7A711BB5C8B2007C8E2F /* DiamondsKing.png */,
				8EAD7A721BB5C8B2007C8E2F /* DiamondsQueen.png */,
				8EAD7A731BB5C8B2007C8E2F /* HeartsAce.png */,
				8EAD7A741BB5C8B2007C8E2F /* HeartsJack.png */,
				8EAD7A751BB5C8B2007C8E2F /* HeartsKing.png */,
				8EAD7A761BB5C8B2007C8E2F /* HeartsQueen.png */,
				8EAD7A771BB5C8B2007C8E2F /* SpadesAce.png */,
				8EAD7A781BB5C8B2007C8E2F /* SpadesJack.png */,
				8EAD7A791BB5C8B2007C8E2F /* SpadesKing.png */,
				8EAD7A7A1BB5C8B2007C8E2F /* SpadesQueen.png */,
			);
			name = images;
			path = "../CS378-Homework3-cardImages";
			sourceTree = "<group>";
		};
		8ECCACE71BB4A67900B868A1 = {
			isa = PBXGroup;
			children = (
				8ECCACF21BB4A67A00B868A1 /* GoodmanZachary-hw3 */,
				8ECCAD081BB4A67A00B868A1 /* GoodmanZachary-hw3Tests */,
				8ECCACF11BB4A67A00B868A1 /* Products */,
			);
			sourceTree = "<group>";
		};
		8ECCACF11BB4A67A00B868A1 /* Products */ = {
			isa = PBXGroup;
			children = (
				8ECCACF01BB4A67A00B868A1 /* GoodmanZachary-hw3.app */,
				8ECCAD051BB4A67A00B868A1 /* GoodmanZachary-hw3Tests.xctest */,
			);
			name = Products;
			sourceTree = "<group>";
		};
		8ECCACF21BB4A67A00B868A1 /* GoodmanZachary-hw3 */ = {
			isa = PBXGroup;
			children = (
				8EA8DF4B1BB7624100133E43 /* MyCollectionViewCell.swift */,
				8ECCACF51BB4A67A00B868A1 /* AppDelegate.swift */,
				8ECCACF71BB4A67A00B868A1 /* ViewController.swift */,
				8ECCACF91BB4A67A00B868A1 /* Main.storyboard */,
				8EAD7A8B1BB5D0B8007C8E2F /* Card.swift */,
				8EA8DF4E1BB76B1C00133E43 /* images */,
				8EAD7A681BB5C848007C8E2F /* MyCollectionViewController.swift */,
				8EAD7A661BB5C64A007C8E2F /* MyTableViewController.swift */,
				8ECCACFC1BB4A67A00B868A1 /* Images.xcassets */,
				8ECCACFE1BB4A67A00B868A1 /* LaunchScreen.xib */,
				8ECCACF31BB4A67A00B868A1 /* Supporting Files */,
			);
			path = "GoodmanZachary-hw3";
			sourceTree = "<group>";
		};
		8ECCACF31BB4A67A00B868A1 /* Supporting Files */ = {
			isa = PBXGroup;
			children = (
				8ECCACF41BB4A67A00B868A1 /* Info.plist */,
			);
			name = "Supporting Files";
			sourceTree = "<group>";
		};
		8ECCAD081BB4A67A00B868A1 /* GoodmanZachary-hw3Tests */ = {
			isa = PBXGroup;
			children = (
				8ECCAD0B1BB4A67A00B868A1 /* GoodmanZachary_hw3Tests.swift */,
				8ECCAD091BB4A67A00B868A1 /* Supporting Files */,
			);
			path = "GoodmanZachary-hw3Tests";
			sourceTree = "<group>";
		};
		8ECCAD091BB4A67A00B868A1 /* Supporting Files */ = {
			isa = PBXGroup;
			children = (
				8ECCAD0A1BB4A67A00B868A1 /* Info.plist */,
			);
			name = "Supporting Files";
			sourceTree = "<group>";
		};
/* End PBXGroup section */

/* Begin PBXNativeTarget section */
		8ECCACEF1BB4A67A00B868A1 /* GoodmanZachary-hw3 */ = {
			isa = PBXNativeTarget;
			buildConfigurationList = 8ECCAD0F1BB4A67A00B868A1 /* Build configuration list for PBXNativeTarget "GoodmanZachary-hw3" */;
			buildPhases = (
				8ECCACEC1BB4A67A00B868A1 /* Sources */,
				8ECCACED1BB4A67A00B868A1 /* Frameworks */,
				8ECCACEE1BB4A67A00B868A1 /* Resources */,
			);
			buildRules = (
			);
			dependencies = (
			);
			name = "GoodmanZachary-hw3";
			productName = "GoodmanZachary-hw3";
			productReference = 8ECCACF01BB4A67A00B868A1 /* GoodmanZachary-hw3.app */;
			productType = "com.apple.product-type.application";
		};
		8ECCAD041BB4A67A00B868A1 /* GoodmanZachary-hw3Tests */ = {
			isa = PBXNativeTarget;
			buildConfigurationList = 8ECCAD121BB4A67A00B868A1 /* Build configuration list for PBXNativeTarget "GoodmanZachary-hw3Tests" */;
			buildPhases = (
				8ECCAD011BB4A67A00B868A1 /* Sources */,
				8ECCAD021BB4A67A00B868A1 /* Frameworks */,
				8ECCAD031BB4A67A00B868A1 /* Resources */,
			);
			buildRules = (
			);
			dependencies = (
				8ECCAD071BB4A67A00B868A1 /* PBXTargetDependency */,
			);
			name = "GoodmanZachary-hw3Tests";
			productName = "GoodmanZachary-hw3Tests";
			productReference = 8ECCAD051BB4A67A00B868A1 /* GoodmanZachary-hw3Tests.xctest */;
			productType = "com.apple.product-type.bundle.unit-test";
		};
/* End PBXNativeTarget section */

/* Begin PBXProject section */
		8ECCACE81BB4A67900B868A1 /* Project object */ = {
			isa = PBXProject;
			attributes = {
				LastSwiftMigration = 0700;
				LastSwiftUpdateCheck = 0700;
				LastUpgradeCheck = 0640;
				ORGANIZATIONNAME = "Zach Goodman";
				TargetAttributes = {
					8ECCACEF1BB4A67A00B868A1 = {
						CreatedOnToolsVersion = 6.4;
					};
					8ECCAD041BB4A67A00B868A1 = {
						CreatedOnToolsVersion = 6.4;
						TestTargetID = 8ECCACEF1BB4A67A00B868A1;
					};
				};
			};
			buildConfigurationList = 8ECCACEB1BB4A67900B868A1 /* Build configuration list for PBXProject "GoodmanZachary-hw3" */;
			compatibilityVersion = "Xcode 3.2";
			developmentRegion = English;
			hasScannedForEncodings = 0;
			knownRegions = (
				en,
				Base,
			);
			mainGroup = 8ECCACE71BB4A67900B868A1;
			productRefGroup = 8ECCACF11BB4A67A00B868A1 /* Products */;
			projectDirPath = "";
			projectRoot = "";
			targets = (
				8ECCACEF1BB4A67A00B868A1 /* GoodmanZachary-hw3 */,
				8ECCAD041BB4A67A00B868A1 /* GoodmanZachary-hw3Tests */,
			);
		};
/* End PBXProject section */

/* Begin PBXResourcesBuildPhase section */
		8ECCACEE1BB4A67A00B868A1 /* Resources */ = {
			isa = PBXResourcesBuildPhase;
			buildActionMask = 2147483647;
			files = (
				8EAD7A821BB5C8B2007C8E2F /* DiamondsQueen.png in Resources */,
				8EAD7A7D1BB5C8B2007C8E2F /* ClubsKing.png in Resources */,
				8ECCACFB1BB4A67A00B868A1 /* Main.storyboard in Resources */,
				8EAD7A7F1BB5C8B2007C8E2F /* DiamondsAce.png in Resources */,
				8EAD7A891BB5C8B2007C8E2F /* SpadesKing.png in Resources */,
				8EAD7A831BB5C8B2007C8E2F /* HeartsAce.png in Resources */,
				8EAD7A8A1BB5C8B2007C8E2F /* SpadesQueen.png in Resources */,
				8EAD7A7B1BB5C8B2007C8E2F /* ClubsAce.png in Resources */,
				8EAD7A861BB5C8B2007C8E2F /* HeartsQueen.png in Resources */,
				8EAD7A841BB5C8B2007C8E2F /* HeartsJack.png in Resources */,
				8EAD7A881BB5C8B2007C8E2F /* SpadesJack.png in Resources */,
				8EAD7A7C1BB5C8B2007C8E2F /* ClubsJack.png in Resources */,
				8EAD7A871BB5C8B2007C8E2F /* SpadesAce.png in Resources */,
				8ECCAD001BB4A67A00B868A1 /* LaunchScreen.xib in Resources */,
				8EAD7A801BB5C8B2007C8E2F /* DiamondsJack.png in Resources */,
				8EAD7A811BB5C8B2007C8E2F /* DiamondsKing.png in Resources */,
				8EAD7A7E1BB5C8B2007C8E2F /* ClubsQueen.png in Resources */,
				8ECCACFD1BB4A67A00B868A1 /* Images.xcassets in Resources */,
				8EAD7A851BB5C8B2007C8E2F /* HeartsKing.png in Resources */,
			);
			runOnlyForDeploymentPostprocessing = 0;
		};
		8ECCAD031BB4A67A00B868A1 /* Resources */ = {
			isa = PBXResourcesBuildPhase;
			buildActionMask = 2147483647;
			files = (
			);
			runOnlyForDeploymentPostprocessing = 0;
		};
/* End PBXResourcesBuildPhase section */

/* Begin PBXSourcesBuildPhase section */
		8ECCACEC1BB4A67A00B868A1 /* Sources */ = {
			isa = PBXSourcesBuildPhase;
			buildActionMask = 2147483647;
			files = (
				8EAD7A691BB5C848007C8E2F /* MyCollectionViewController.swift in Sources */,
				8ECCACF81BB4A67A00B868A1 /* ViewController.swift in Sources */,
				8EA8DF4C1BB7624100133E43 /* MyCollectionViewCell.swift in Sources */,
				8EAD7A8C1BB5D0B8007C8E2F /* Card.swift in Sources */,
				8EAD7A671BB5C64A007C8E2F /* MyTableViewController.swift in Sources */,
				8ECCACF61BB4A67A00B868A1 /* AppDelegate.swift in Sources */,
			);
			runOnlyForDeploymentPostprocessing = 0;
		};
		8ECCAD011BB4A67A00B868A1 /* Sources */ = {
			isa = PBXSourcesBuildPhase;
			buildActionMask = 2147483647;
			files = (
				8ECCAD0C1BB4A67A00B868A1 /* GoodmanZachary_hw3Tests.swift in Sources */,
			);
			runOnlyForDeploymentPostprocessing = 0;
		};
/* End PBXSourcesBuildPhase section */

/* Begin PBXTargetDependency section */
		8ECCAD071BB4A67A00B868A1 /* PBXTargetDependency */ = {
			isa = PBXTargetDependency;
			target = 8ECCACEF1BB4A67A00B868A1 /* GoodmanZachary-hw3 */;
			targetProxy = 8ECCAD061BB4A67A00B868A1 /* PBXContainerItemProxy */;
		};
/* End PBXTargetDependency section */

/* Begin PBXVariantGroup section */
		8ECCACF91BB4A67A00B868A1 /* Main.storyboard */ = {
			isa = PBXVariantGroup;
			children = (
				8ECCACFA1BB4A67A00B868A1 /* Base */,
			);
			name = Main.storyboard;
			sourceTree = "<group>";
		};
		8ECCACFE1BB4A67A00B868A1 /* LaunchScreen.xib */ = {
			isa = PBXVariantGroup;
			children = (
				8ECCACFF1BB4A67A00B868A1 /* Base */,
			);
			name = LaunchScreen.xib;
			sourceTree = "<group>";
		};
/* End PBXVariantGroup section */

/* Begin XCBuildConfiguration section */
		8ECCAD0D1BB4A67A00B868A1 /* Debug */ = {
			isa = XCBuildConfiguration;
			buildSettings = {
				ALWAYS_SEARCH_USER_PATHS = NO;
				CLANG_CXX_LANGUAGE_STANDARD = "gnu++0x";
				CLANG_CXX_LIBRARY = "libc++";
				CLANG_ENABLE_MODULES = YES;
				CLANG_ENABLE_OBJC_ARC = YES;
				CLANG_WARN_BOOL_CONVERSION = YES;
				CLANG_WARN_CONSTANT_CONVERSION = YES;
				CLANG_WARN_DIRECT_OBJC_ISA_USAGE = YES_ERROR;
				CLANG_WARN_EMPTY_BODY = YES;
				CLANG_WARN_ENUM_CONVERSION = YES;
				CLANG_WARN_INT_CONVERSION = YES;
				CLANG_WARN_OBJC_ROOT_CLASS = YES_ERROR;
				CLANG_WARN_UNREACHABLE_CODE = YES;
				CLANG_WARN__DUPLICATE_METHOD_MATCH = YES;
				"CODE_SIGN_IDENTITY[sdk=iphoneos*]" = "iPhone Developer";
				COPY_PHASE_STRIP = NO;
				DEBUG_INFORMATION_FORMAT = "dwarf-with-dsym";
				ENABLE_STRICT_OBJC_MSGSEND = YES;
				GCC_C_LANGUAGE_STANDARD = gnu99;
				GCC_DYNAMIC_NO_PIC = NO;
				GCC_NO_COMMON_BLOCKS = YES;
				GCC_OPTIMIZATION_LEVEL = 0;
				GCC_PREPROCESSOR_DEFINITIONS = (
					"DEBUG=1",
					"$(inherited)",
				);
				GCC_SYMBOLS_PRIVATE_EXTERN = NO;
				GCC_WARN_64_TO_32_BIT_CONVERSION = YES;
				GCC_WARN_ABOUT_RETURN_TYPE = YES_ERROR;
				GCC_WARN_UNDECLARED_SELECTOR = YES;
				GCC_WARN_UNINITIALIZED_AUTOS = YES_AGGRESSIVE;
				GCC_WARN_UNUSED_FUNCTION = YES;
				GCC_WARN_UNUSED_VARIABLE = YES;
				IPHONEOS_DEPLOYMENT_TARGET = 8.4;
				MTL_ENABLE_DEBUG_INFO = YES;
				ONLY_ACTIVE_ARCH = YES;
				SDKROOT = iphoneos;
				SWIFT_OPTIMIZATION_LEVEL = "-Onone";
				TARGETED_DEVICE_FAMILY = "1,2";
			};
			name = Debug;
		};
		8ECCAD0E1BB4A67A00B868A1 /* Release */ = {
			isa = XCBuildConfiguration;
			buildSettings = {
				ALWAYS_SEARCH_USER_PATHS = NO;
				CLANG_CXX_LANGUAGE_STANDARD = "gnu++0x";
				CLANG_CXX_LIBRARY = "libc++";
				CLANG_ENABLE_MODULES = YES;
				CLANG_ENABLE_OBJC_ARC = YES;
				CLANG_WARN_BOOL_CONVERSION = YES;
				CLANG_WARN_CONSTANT_CONVERSION = YES;
				CLANG_WARN_DIRECT_OBJC_ISA_USAGE = YES_ERROR;
				CLANG_WARN_EMPTY_BODY = YES;
				CLANG_WARN_ENUM_CONVERSION = YES;
				CLANG_WARN_INT_CONVERSION = YES;
				CLANG_WARN_OBJC_ROOT_CLASS = YES_ERROR;
				CLANG_WARN_UNREACHABLE_CODE = YES;
				CLANG_WARN__DUPLICATE_METHOD_MATCH = YES;
				"CODE_SIGN_IDENTITY[sdk=iphoneos*]" = "iPhone Developer";
				COPY_PHASE_STRIP = NO;
				DEBUG_INFORMATION_FORMAT = "dwarf-with-dsym";
				ENABLE_NS_ASSERTIONS = NO;
				ENABLE_STRICT_OBJC_MSGSEND = YES;
				GCC_C_LANGUAGE_STANDARD = gnu99;
				GCC_NO_COMMON_BLOCKS = YES;
				GCC_WARN_64_TO_32_BIT_CONVERSION = YES;
				GCC_WARN_ABOUT_RETURN_TYPE = YES_ERROR;
				GCC_WARN_UNDECLARED_SELECTOR = YES;
				GCC_WARN_UNINITIALIZED_AUTOS = YES_AGGRESSIVE;
				GCC_WARN_UNUSED_FUNCTION = YES;
				GCC_WARN_UNUSED_VARIABLE = YES;
				IPHONEOS_DEPLOYMENT_TARGET = 8.4;
				MTL_ENABLE_DEBUG_INFO = NO;
				SDKROOT = iphoneos;
				TARGETED_DEVICE_FAMILY = "1,2";
				VALIDATE_PRODUCT = YES;
			};
			name = Release;
		};
		8ECCAD101BB4A67A00B868A1 /* Debug */ = {
			isa = XCBuildConfiguration;
			buildSettings = {
				ASSETCATALOG_COMPILER_APPICON_NAME = AppIcon;
				INFOPLIST_FILE = "GoodmanZachary-hw3/Info.plist";
				LD_RUNPATH_SEARCH_PATHS = "$(inherited) @executable_path/Frameworks";
				PRODUCT_NAME = "$(TARGET_NAME)";
			};
			name = Debug;
		};
		8ECCAD111BB4A67A00B868A1 /* Release */ = {
			isa = XCBuildConfiguration;
			buildSettings = {
				ASSETCATALOG_COMPILER_APPICON_NAME = AppIcon;
				INFOPLIST_FILE = "GoodmanZachary-hw3/Info.plist";
				LD_RUNPATH_SEARCH_PATHS = "$(inherited) @executable_path/Frameworks";
				PRODUCT_NAME = "$(TARGET_NAME)";
			};
			name = Release;
		};
		8ECCAD131BB4A67A00B868A1 /* Debug */ = {
			isa = XCBuildConfiguration;
			buildSettings = {
				BUNDLE_LOADER = "$(TEST_HOST)";
				FRAMEWORK_SEARCH_PATHS = (
					"$(SDKROOT)/Developer/Library/Frameworks",
					"$(inherited)",
				);
				GCC_PREPROCESSOR_DEFINITIONS = (
					"DEBUG=1",
					"$(inherited)",
				);
				INFOPLIST_FILE = "GoodmanZachary-hw3Tests/Info.plist";
				LD_RUNPATH_SEARCH_PATHS = "$(inherited) @executable_path/Frameworks @loader_path/Frameworks";
				PRODUCT_NAME = "$(TARGET_NAME)";
				TEST_HOST = "$(BUILT_PRODUCTS_DIR)/GoodmanZachary-hw3.app/GoodmanZachary-hw3";
			};
			name = Debug;
		};
		8ECCAD141BB4A67A00B868A1 /* Release */ = {
			isa = XCBuildConfiguration;
			buildSettings = {
				BUNDLE_LOADER = "$(TEST_HOST)";
				FRAMEWORK_SEARCH_PATHS = (
					"$(SDKROOT)/Developer/Library/Frameworks",
					"$(inherited)",
				);
				INFOPLIST_FILE = "GoodmanZachary-hw3Tests/Info.plist";
				LD_RUNPATH_SEARCH_PATHS = "$(inherited) @executable_path/Frameworks @loader_path/Frameworks";
				PRODUCT_NAME = "$(TARGET_NAME)";
				TEST_HOST = "$(BUILT_PRODUCTS_DIR)/GoodmanZachary-hw3.app/GoodmanZachary-hw3";
			};
			name = Release;
		};
/* End XCBuildConfiguration section */

/* Begin XCConfigurationList section */
		8ECCACEB1BB4A67900B868A1 /* Build configuration list for PBXProject "GoodmanZachary-hw3" */ = {
			isa = XCConfigurationList;
			buildConfigurations = (
				8ECCAD0D1BB4A67A00B868A1 /* Debug */,
				8ECCAD0E1BB4A67A00B868A1 /* Release */,
			);
			defaultConfigurationIsVisible = 0;
			defaultConfigurationName = Release;
		};
		8ECCAD0F1BB4A67A00B868A1 /* Build configuration list for PBXNativeTarget "GoodmanZachary-hw3" */ = {
			isa = XCConfigurationList;
			buildConfigurations = (
				8ECCAD101BB4A67A00B868A1 /* Debug */,
				8ECCAD111BB4A67A00B868A1 /* Release */,
			);
			defaultConfigurationIsVisible = 0;
			defaultConfigurationName = Release;
		};
		8ECCAD121BB4A67A00B868A1 /* Build configuration list for PBXNativeTarget "GoodmanZachary-hw3Tests" */ = {
			isa = XCConfigurationList;
			buildConfigurations = (
				8ECCAD131BB4A67A00B868A1 /* Debug */,
				8ECCAD141BB4A67A00B868A1 /* Release */,
			);
			defaultConfigurationIsVisible = 0;
			defaultConfigurationName = Release;
		};
/* End XCConfigurationList section */
	};
	rootObject = 8ECCACE81BB4A67900B868A1 /* Project object */;
}
