// !$*UTF8*$!
{
	archiveVersion = 1;
	classes = {
	};
	objectVersion = 46;
	objects = {

/* Begin PBXBuildFile section */
		8E66A3E21BBBC5110023B0CE /* CandidateDetailViewController.swift in Sources */ = {isa = PBXBuildFile; fileRef = 8E66A3E11BBBC5110023B0CE /* CandidateDetailViewController.swift */; settings = {ASSET_TAGS = (); }; };
		8E8E5AF61BBB452700F6DEFC /* Candidate.swift in Sources */ = {isa = PBXBuildFile; fileRef = 8E8E5AF51BBB452700F6DEFC /* Candidate.swift */; settings = {ASSET_TAGS = (); }; };
		8E97F1C91BBBAD3300C39BB9 /* AddCandidateViewController.swift in Sources */ = {isa = PBXBuildFile; fileRef = 8E97F1C81BBBAD3300C39BB9 /* AddCandidateViewController.swift */; settings = {ASSET_TAGS = (); }; };
		8E97F1CB1BBBB2F000C39BB9 /* CandidateManagerViewController.swift in Sources */ = {isa = PBXBuildFile; fileRef = 8E97F1CA1BBBB2F000C39BB9 /* CandidateManagerViewController.swift */; settings = {ASSET_TAGS = (); }; };
		8E97F1CD1BBBB6F700C39BB9 /* CandidateTableViewController.swift in Sources */ = {isa = PBXBuildFile; fileRef = 8E97F1CC1BBBB6F700C39BB9 /* CandidateTableViewController.swift */; settings = {ASSET_TAGS = (); }; };
		8EF9D1031BBCC545003A1CDF /* MyPopoverViewController.swift in Sources */ = {isa = PBXBuildFile; fileRef = 8EF9D1021BBCC545003A1CDF /* MyPopoverViewController.swift */; settings = {ASSET_TAGS = (); }; };
		8EF9D1051BBCC64C003A1CDF /* VoteTableViewController.swift in Sources */ = {isa = PBXBuildFile; fileRef = 8EF9D1041BBCC64C003A1CDF /* VoteTableViewController.swift */; settings = {ASSET_TAGS = (); }; };
		8EF9D1071BBCCA33003A1CDF /* ShowVoteTableViewController.swift in Sources */ = {isa = PBXBuildFile; fileRef = 8EF9D1061BBCCA33003A1CDF /* ShowVoteTableViewController.swift */; settings = {ASSET_TAGS = (); }; };
		8EFF91461BBAF87B009DBF40 /* AppDelegate.swift in Sources */ = {isa = PBXBuildFile; fileRef = 8EFF91451BBAF87B009DBF40 /* AppDelegate.swift */; };
		8EFF91481BBAF87B009DBF40 /* ViewController.swift in Sources */ = {isa = PBXBuildFile; fileRef = 8EFF91471BBAF87B009DBF40 /* ViewController.swift */; };
		8EFF914B1BBAF87B009DBF40 /* Main.storyboard in Resources */ = {isa = PBXBuildFile; fileRef = 8EFF91491BBAF87B009DBF40 /* Main.storyboard */; };
		8EFF914D1BBAF87B009DBF40 /* Assets.xcassets in Resources */ = {isa = PBXBuildFile; fileRef = 8EFF914C1BBAF87B009DBF40 /* Assets.xcassets */; };
		8EFF91501BBAF87B009DBF40 /* LaunchScreen.storyboard in Resources */ = {isa = PBXBuildFile; fileRef = 8EFF914E1BBAF87B009DBF40 /* LaunchScreen.storyboard */; };
		8EFF915B1BBAF87C009DBF40 /* GoodmanZachary_hw4Tests.swift in Sources */ = {isa = PBXBuildFile; fileRef = 8EFF915A1BBAF87C009DBF40 /* GoodmanZachary_hw4Tests.swift */; };
		8EFF91661BBAF87C009DBF40 /* GoodmanZachary_hw4UITests.swift in Sources */ = {isa = PBXBuildFile; fileRef = 8EFF91651BBAF87C009DBF40 /* GoodmanZachary_hw4UITests.swift */; };
/* End PBXBuildFile section */

/* Begin PBXContainerItemProxy section */
		8EFF91571BBAF87C009DBF40 /* PBXContainerItemProxy */ = {
			isa = PBXContainerItemProxy;
			containerPortal = 8EFF913A1BBAF87B009DBF40 /* Project object */;
			proxyType = 1;
			remoteGlobalIDString = 8EFF91411BBAF87B009DBF40;
			remoteInfo = "GoodmanZachary-hw4";
		};
		8EFF91621BBAF87C009DBF40 /* PBXContainerItemProxy */ = {
			isa = PBXContainerItemProxy;
			containerPortal = 8EFF913A1BBAF87B009DBF40 /* Project object */;
			proxyType = 1;
			remoteGlobalIDString = 8EFF91411BBAF87B009DBF40;
			remoteInfo = "GoodmanZachary-hw4";
		};
/* End PBXContainerItemProxy section */

/* Begin PBXFileReference section */
		8E66A3E11BBBC5110023B0CE /* CandidateDetailViewController.swift */ = {isa = PBXFileReference; fileEncoding = 4; lastKnownFileType = sourcecode.swift; path = CandidateDetailViewController.swift; sourceTree = "<group>"; };
		8E8E5AF51BBB452700F6DEFC /* Candidate.swift */ = {isa = PBXFileReference; fileEncoding = 4; lastKnownFileType = sourcecode.swift; path = Candidate.swift; sourceTree = "<group>"; };
		8E97F1C81BBBAD3300C39BB9 /* AddCandidateViewController.swift */ = {isa = PBXFileReference; fileEncoding = 4; lastKnownFileType = sourcecode.swift; path = AddCandidateViewController.swift; sourceTree = "<group>"; };
		8E97F1CA1BBBB2F000C39BB9 /* CandidateManagerViewController.swift */ = {isa = PBXFileReference; fileEncoding = 4; lastKnownFileType = sourcecode.swift; path = CandidateManagerViewController.swift; sourceTree = "<group>"; };
		8E97F1CC1BBBB6F700C39BB9 /* CandidateTableViewController.swift */ = {isa = PBXFileReference; fileEncoding = 4; lastKnownFileType = sourcecode.swift; path = CandidateTableViewController.swift; sourceTree = "<group>"; };
		8EF9D1021BBCC545003A1CDF /* MyPopoverViewController.swift */ = {isa = PBXFileReference; fileEncoding = 4; lastKnownFileType = sourcecode.swift; path = MyPopoverViewController.swift; sourceTree = "<group>"; };
		8EF9D1041BBCC64C003A1CDF /* VoteTableViewController.swift */ = {isa = PBXFileReference; fileEncoding = 4; lastKnownFileType = sourcecode.swift; path = VoteTableViewController.swift; sourceTree = "<group>"; };
		8EF9D1061BBCCA33003A1CDF /* ShowVoteTableViewController.swift */ = {isa = PBXFileReference; fileEncoding = 4; lastKnownFileType = sourcecode.swift; path = ShowVoteTableViewController.swift; sourceTree = "<group>"; };
		8EFF91421BBAF87B009DBF40 /* GoodmanZachary-hw4.app */ = {isa = PBXFileReference; explicitFileType = wrapper.application; includeInIndex = 0; path = "GoodmanZachary-hw4.app"; sourceTree = BUILT_PRODUCTS_DIR; };
		8EFF91451BBAF87B009DBF40 /* AppDelegate.swift */ = {isa = PBXFileReference; lastKnownFileType = sourcecode.swift; path = AppDelegate.swift; sourceTree = "<group>"; };
		8EFF91471BBAF87B009DBF40 /* ViewController.swift */ = {isa = PBXFileReference; lastKnownFileType = sourcecode.swift; path = ViewController.swift; sourceTree = "<group>"; };
		8EFF914A1BBAF87B009DBF40 /* Base */ = {isa = PBXFileReference; lastKnownFileType = file.storyboard; name = Base; path = Base.lproj/Main.storyboard; sourceTree = "<group>"; };
		8EFF914C1BBAF87B009DBF40 /* Assets.xcassets */ = {isa = PBXFileReference; lastKnownFileType = folder.assetcatalog; path = Assets.xcassets; sourceTree = "<group>"; };
		8EFF914F1BBAF87B009DBF40 /* Base */ = {isa = PBXFileReference; lastKnownFileType = file.storyboard; name = Base; path = Base.lproj/LaunchScreen.storyboard; sourceTree = "<group>"; };
		8EFF91511BBAF87B009DBF40 /* Info.plist */ = {isa = PBXFileReference; lastKnownFileType = text.plist.xml; path = Info.plist; sourceTree = "<group>"; };
		8EFF91561BBAF87C009DBF40 /* GoodmanZachary-hw4Tests.xctest */ = {isa = PBXFileReference; explicitFileType = wrapper.cfbundle; includeInIndex = 0; path = "GoodmanZachary-hw4Tests.xctest"; sourceTree = BUILT_PRODUCTS_DIR; };
		8EFF915A1BBAF87C009DBF40 /* GoodmanZachary_hw4Tests.swift */ = {isa = PBXFileReference; lastKnownFileType = sourcecode.swift; path = GoodmanZachary_hw4Tests.swift; sourceTree = "<group>"; };
		8EFF915C1BBAF87C009DBF40 /* Info.plist */ = {isa = PBXFileReference; lastKnownFileType = text.plist.xml; path = Info.plist; sourceTree = "<group>"; };
		8EFF91611BBAF87C009DBF40 /* GoodmanZachary-hw4UITests.xctest */ = {isa = PBXFileReference; explicitFileType = wrapper.cfbundle; includeInIndex = 0; path = "GoodmanZachary-hw4UITests.xctest"; sourceTree = BUILT_PRODUCTS_DIR; };
		8EFF91651BBAF87C009DBF40 /* GoodmanZachary_hw4UITests.swift */ = {isa = PBXFileReference; lastKnownFileType = sourcecode.swift; path = GoodmanZachary_hw4UITests.swift; sourceTree = "<group>"; };
		8EFF91671BBAF87C009DBF40 /* Info.plist */ = {isa = PBXFileReference; lastKnownFileType = text.plist.xml; path = Info.plist; sourceTree = "<group>"; };
/* End PBXFileReference section */

/* Begin PBXFrameworksBuildPhase section */
		8EFF913F1BBAF87B009DBF40 /* Frameworks */ = {
			isa = PBXFrameworksBuildPhase;
			buildActionMask = 2147483647;
			files = (
			);
			runOnlyForDeploymentPostprocessing = 0;
		};
		8EFF91531BBAF87C009DBF40 /* Frameworks */ = {
			isa = PBXFrameworksBuildPhase;
			buildActionMask = 2147483647;
			files = (
			);
			runOnlyForDeploymentPostprocessing = 0;
		};
		8EFF915E1BBAF87C009DBF40 /* Frameworks */ = {
			isa = PBXFrameworksBuildPhase;
			buildActionMask = 2147483647;
			files = (
			);
			runOnlyForDeploymentPostprocessing = 0;
		};
/* End PBXFrameworksBuildPhase section */

/* Begin PBXGroup section */
		8EFF91391BBAF87B009DBF40 = {
			isa = PBXGroup;
			children = (
				8EFF91441BBAF87B009DBF40 /* GoodmanZachary-hw4 */,
				8EFF91591BBAF87C009DBF40 /* GoodmanZachary-hw4Tests */,
				8EFF91641BBAF87C009DBF40 /* GoodmanZachary-hw4UITests */,
				8EFF91431BBAF87B009DBF40 /* Products */,
			);
			sourceTree = "<group>";
		};
		8EFF91431BBAF87B009DBF40 /* Products */ = {
			isa = PBXGroup;
			children = (
				8EFF91421BBAF87B009DBF40 /* GoodmanZachary-hw4.app */,
				8EFF91561BBAF87C009DBF40 /* GoodmanZachary-hw4Tests.xctest */,
				8EFF91611BBAF87C009DBF40 /* GoodmanZachary-hw4UITests.xctest */,
			);
			name = Products;
			sourceTree = "<group>";
		};
		8EFF91441BBAF87B009DBF40 /* GoodmanZachary-hw4 */ = {
			isa = PBXGroup;
			children = (
				8EFF91451BBAF87B009DBF40 /* AppDelegate.swift */,
				8EFF91471BBAF87B009DBF40 /* ViewController.swift */,
				8EFF91491BBAF87B009DBF40 /* Main.storyboard */,
				8E97F1CC1BBBB6F700C39BB9 /* CandidateTableViewController.swift */,
				8E66A3E11BBBC5110023B0CE /* CandidateDetailViewController.swift */,
				8E97F1CA1BBBB2F000C39BB9 /* CandidateManagerViewController.swift */,
				8EF9D1021BBCC545003A1CDF /* MyPopoverViewController.swift */,
				8EF9D1041BBCC64C003A1CDF /* VoteTableViewController.swift */,
				8EF9D1061BBCCA33003A1CDF /* ShowVoteTableViewController.swift */,
				8E97F1C81BBBAD3300C39BB9 /* AddCandidateViewController.swift */,
				8E8E5AF51BBB452700F6DEFC /* Candidate.swift */,
				8EFF914C1BBAF87B009DBF40 /* Assets.xcassets */,
				8EFF914E1BBAF87B009DBF40 /* LaunchScreen.storyboard */,
				8EFF91511BBAF87B009DBF40 /* Info.plist */,
			);
			path = "GoodmanZachary-hw4";
			sourceTree = "<group>";
		};
		8EFF91591BBAF87C009DBF40 /* GoodmanZachary-hw4Tests */ = {
			isa = PBXGroup;
			children = (
				8EFF915A1BBAF87C009DBF40 /* GoodmanZachary_hw4Tests.swift */,
				8EFF915C1BBAF87C009DBF40 /* Info.plist */,
			);
			path = "GoodmanZachary-hw4Tests";
			sourceTree = "<group>";
		};
		8EFF91641BBAF87C009DBF40 /* GoodmanZachary-hw4UITests */ = {
			isa = PBXGroup;
			children = (
				8EFF91651BBAF87C009DBF40 /* GoodmanZachary_hw4UITests.swift */,
				8EFF91671BBAF87C009DBF40 /* Info.plist */,
			);
			path = "GoodmanZachary-hw4UITests";
			sourceTree = "<group>";
		};
/* End PBXGroup section */

/* Begin PBXNativeTarget section */
		8EFF91411BBAF87B009DBF40 /* GoodmanZachary-hw4 */ = {
			isa = PBXNativeTarget;
			buildConfigurationList = 8EFF916A1BBAF87C009DBF40 /* Build configuration list for PBXNativeTarget "GoodmanZachary-hw4" */;
			buildPhases = (
				8EFF913E1BBAF87B009DBF40 /* Sources */,
				8EFF913F1BBAF87B009DBF40 /* Frameworks */,
				8EFF91401BBAF87B009DBF40 /* Resources */,
			);
			buildRules = (
			);
			dependencies = (
			);
			name = "GoodmanZachary-hw4";
			productName = "GoodmanZachary-hw4";
			productReference = 8EFF91421BBAF87B009DBF40 /* GoodmanZachary-hw4.app */;
			productType = "com.apple.product-type.application";
		};
		8EFF91551BBAF87C009DBF40 /* GoodmanZachary-hw4Tests */ = {
			isa = PBXNativeTarget;
			buildConfigurationList = 8EFF916D1BBAF87C009DBF40 /* Build configuration list for PBXNativeTarget "GoodmanZachary-hw4Tests" */;
			buildPhases = (
				8EFF91521BBAF87C009DBF40 /* Sources */,
				8EFF91531BBAF87C009DBF40 /* Frameworks */,
				8EFF91541BBAF87C009DBF40 /* Resources */,
			);
			buildRules = (
			);
			dependencies = (
				8EFF91581BBAF87C009DBF40 /* PBXTargetDependency */,
			);
			name = "GoodmanZachary-hw4Tests";
			productName = "GoodmanZachary-hw4Tests";
			productReference = 8EFF91561BBAF87C009DBF40 /* GoodmanZachary-hw4Tests.xctest */;
			productType = "com.apple.product-type.bundle.unit-test";
		};
		8EFF91601BBAF87C009DBF40 /* GoodmanZachary-hw4UITests */ = {
			isa = PBXNativeTarget;
			buildConfigurationList = 8EFF91701BBAF87C009DBF40 /* Build configuration list for PBXNativeTarget "GoodmanZachary-hw4UITests" */;
			buildPhases = (
				8EFF915D1BBAF87C009DBF40 /* Sources */,
				8EFF915E1BBAF87C009DBF40 /* Frameworks */,
				8EFF915F1BBAF87C009DBF40 /* Resources */,
			);
			buildRules = (
			);
			dependencies = (
				8EFF91631BBAF87C009DBF40 /* PBXTargetDependency */,
			);
			name = "GoodmanZachary-hw4UITests";
			productName = "GoodmanZachary-hw4UITests";
			productReference = 8EFF91611BBAF87C009DBF40 /* GoodmanZachary-hw4UITests.xctest */;
			productType = "com.apple.product-type.bundle.ui-testing";
		};
/* End PBXNativeTarget section */

/* Begin PBXProject section */
		8EFF913A1BBAF87B009DBF40 /* Project object */ = {
			isa = PBXProject;
			attributes = {
				LastUpgradeCheck = 0700;
				ORGANIZATIONNAME = "Zach Goodman";
				TargetAttributes = {
					8EFF91411BBAF87B009DBF40 = {
						CreatedOnToolsVersion = 7.0.1;
						DevelopmentTeam = 776TH5N8U4;
					};
					8EFF91551BBAF87C009DBF40 = {
						CreatedOnToolsVersion = 7.0.1;
						TestTargetID = 8EFF91411BBAF87B009DBF40;
					};
					8EFF91601BBAF87C009DBF40 = {
						CreatedOnToolsVersion = 7.0.1;
						TestTargetID = 8EFF91411BBAF87B009DBF40;
					};
				};
			};
			buildConfigurationList = 8EFF913D1BBAF87B009DBF40 /* Build configuration list for PBXProject "GoodmanZachary-hw4" */;
			compatibilityVersion = "Xcode 3.2";
			developmentRegion = English;
			hasScannedForEncodings = 0;
			knownRegions = (
				en,
				Base,
			);
			mainGroup = 8EFF91391BBAF87B009DBF40;
			productRefGroup = 8EFF91431BBAF87B009DBF40 /* Products */;
			projectDirPath = "";
			projectRoot = "";
			targets = (
				8EFF91411BBAF87B009DBF40 /* GoodmanZachary-hw4 */,
				8EFF91551BBAF87C009DBF40 /* GoodmanZachary-hw4Tests */,
				8EFF91601BBAF87C009DBF40 /* GoodmanZachary-hw4UITests */,
			);
		};
/* End PBXProject section */

/* Begin PBXResourcesBuildPhase section */
		8EFF91401BBAF87B009DBF40 /* Resources */ = {
			isa = PBXResourcesBuildPhase;
			buildActionMask = 2147483647;
			files = (
				8EFF91501BBAF87B009DBF40 /* LaunchScreen.storyboard in Resources */,
				8EFF914D1BBAF87B009DBF40 /* Assets.xcassets in Resources */,
				8EFF914B1BBAF87B009DBF40 /* Main.storyboard in Resources */,
			);
			runOnlyForDeploymentPostprocessing = 0;
		};
		8EFF91541BBAF87C009DBF40 /* Resources */ = {
			isa = PBXResourcesBuildPhase;
			buildActionMask = 2147483647;
			files = (
			);
			runOnlyForDeploymentPostprocessing = 0;
		};
		8EFF915F1BBAF87C009DBF40 /* Resources */ = {
			isa = PBXResourcesBuildPhase;
			buildActionMask = 2147483647;
			files = (
			);
			runOnlyForDeploymentPostprocessing = 0;
		};
/* End PBXResourcesBuildPhase section */

/* Begin PBXSourcesBuildPhase section */
		8EFF913E1BBAF87B009DBF40 /* Sources */ = {
			isa = PBXSourcesBuildPhase;
			buildActionMask = 2147483647;
			files = (
				8EF9D1031BBCC545003A1CDF /* MyPopoverViewController.swift in Sources */,
				8EF9D1051BBCC64C003A1CDF /* VoteTableViewController.swift in Sources */,
				8E97F1C91BBBAD3300C39BB9 /* AddCandidateViewController.swift in Sources */,
				8E8E5AF61BBB452700F6DEFC /* Candidate.swift in Sources */,
				8E97F1CB1BBBB2F000C39BB9 /* CandidateManagerViewController.swift in Sources */,
				8E97F1CD1BBBB6F700C39BB9 /* CandidateTableViewController.swift in Sources */,
				8EFF91481BBAF87B009DBF40 /* ViewController.swift in Sources */,
				8E66A3E21BBBC5110023B0CE /* CandidateDetailViewController.swift in Sources */,
				8EF9D1071BBCCA33003A1CDF /* ShowVoteTableViewController.swift in Sources */,
				8EFF91461BBAF87B009DBF40 /* AppDelegate.swift in Sources */,
			);
			runOnlyForDeploymentPostprocessing = 0;
		};
		8EFF91521BBAF87C009DBF40 /* Sources */ = {
			isa = PBXSourcesBuildPhase;
			buildActionMask = 2147483647;
			files = (
				8EFF915B1BBAF87C009DBF40 /* GoodmanZachary_hw4Tests.swift in Sources */,
			);
			runOnlyForDeploymentPostprocessing = 0;
		};
		8EFF915D1BBAF87C009DBF40 /* Sources */ = {
			isa = PBXSourcesBuildPhase;
			buildActionMask = 2147483647;
			files = (
				8EFF91661BBAF87C009DBF40 /* GoodmanZachary_hw4UITests.swift in Sources */,
			);
			runOnlyForDeploymentPostprocessing = 0;
		};
/* End PBXSourcesBuildPhase section */

/* Begin PBXTargetDependency section */
		8EFF91581BBAF87C009DBF40 /* PBXTargetDependency */ = {
			isa = PBXTargetDependency;
			target = 8EFF91411BBAF87B009DBF40 /* GoodmanZachary-hw4 */;
			targetProxy = 8EFF91571BBAF87C009DBF40 /* PBXContainerItemProxy */;
		};
		8EFF91631BBAF87C009DBF40 /* PBXTargetDependency */ = {
			isa = PBXTargetDependency;
			target = 8EFF91411BBAF87B009DBF40 /* GoodmanZachary-hw4 */;
			targetProxy = 8EFF91621BBAF87C009DBF40 /* PBXContainerItemProxy */;
		};
/* End PBXTargetDependency section */

/* Begin PBXVariantGroup section */
		8EFF91491BBAF87B009DBF40 /* Main.storyboard */ = {
			isa = PBXVariantGroup;
			children = (
				8EFF914A1BBAF87B009DBF40 /* Base */,
			);
			name = Main.storyboard;
			sourceTree = "<group>";
		};
		8EFF914E1BBAF87B009DBF40 /* LaunchScreen.storyboard */ = {
			isa = PBXVariantGroup;
			children = (
				8EFF914F1BBAF87B009DBF40 /* Base */,
			);
			name = LaunchScreen.storyboard;
			sourceTree = "<group>";
		};
/* End PBXVariantGroup section */

/* Begin XCBuildConfiguration section */
		8EFF91681BBAF87C009DBF40 /* Debug */ = {
			isa = XCBuildConfiguration;
			buildSettings = {
				ALWAYS_SEARCH_USER_PATHS = NO;
				CLANG_CXX_LANGUAGE_STANDARD = "gnu++0x";
				CLANG_CXX_LIBRARY = "libc++";
				CLANG_ENABLE_MODULES = YES;
				CLANG_ENABLE_OBJC_ARC = YES;
				CLANG_WARN_BOOL_CONVERSION = YES;
				CLANG_WARN_CONSTANT_CONVERSION = YES;
				CLANG_WARN_DIRECT_OBJC_ISA_USAGE = YES_ERROR;
				CLANG_WARN_EMPTY_BODY = YES;
				CLANG_WARN_ENUM_CONVERSION = YES;
				CLANG_WARN_INT_CONVERSION = YES;
				CLANG_WARN_OBJC_ROOT_CLASS = YES_ERROR;
				CLANG_WARN_UNREACHABLE_CODE = YES;
				CLANG_WARN__DUPLICATE_METHOD_MATCH = YES;
				"CODE_SIGN_IDENTITY[sdk=iphoneos*]" = "iPhone Developer";
				COPY_PHASE_STRIP = NO;
				DEBUG_INFORMATION_FORMAT = dwarf;
				ENABLE_STRICT_OBJC_MSGSEND = YES;
				ENABLE_TESTABILITY = YES;
				GCC_C_LANGUAGE_STANDARD = gnu99;
				GCC_DYNAMIC_NO_PIC = NO;
				GCC_NO_COMMON_BLOCKS = YES;
				GCC_OPTIMIZATION_LEVEL = 0;
				GCC_PREPROCESSOR_DEFINITIONS = (
					"DEBUG=1",
					"$(inherited)",
				);
				GCC_WARN_64_TO_32_BIT_CONVERSION = YES;
				GCC_WARN_ABOUT_RETURN_TYPE = YES_ERROR;
				GCC_WARN_UNDECLARED_SELECTOR = YES;
				GCC_WARN_UNINITIALIZED_AUTOS = YES_AGGRESSIVE;
				GCC_WARN_UNUSED_FUNCTION = YES;
				GCC_WARN_UNUSED_VARIABLE = YES;
				IPHONEOS_DEPLOYMENT_TARGET = 9.0;
				MTL_ENABLE_DEBUG_INFO = YES;
				ONLY_ACTIVE_ARCH = YES;
				SDKROOT = iphoneos;
				SWIFT_OPTIMIZATION_LEVEL = "-Onone";
				TARGETED_DEVICE_FAMILY = "1,2";
			};
			name = Debug;
		};
		8EFF91691BBAF87C009DBF40 /* Release */ = {
			isa = XCBuildConfiguration;
			buildSettings = {
				ALWAYS_SEARCH_USER_PATHS = NO;
				CLANG_CXX_LANGUAGE_STANDARD = "gnu++0x";
				CLANG_CXX_LIBRARY = "libc++";
				CLANG_ENABLE_MODULES = YES;
				CLANG_ENABLE_OBJC_ARC = YES;
				CLANG_WARN_BOOL_CONVERSION = YES;
				CLANG_WARN_CONSTANT_CONVERSION = YES;
				CLANG_WARN_DIRECT_OBJC_ISA_USAGE = YES_ERROR;
				CLANG_WARN_EMPTY_BODY = YES;
				CLANG_WARN_ENUM_CONVERSION = YES;
				CLANG_WARN_INT_CONVERSION = YES;
				CLANG_WARN_OBJC_ROOT_CLASS = YES_ERROR;
				CLANG_WARN_UNREACHABLE_CODE = YES;
				CLANG_WARN__DUPLICATE_METHOD_MATCH = YES;
				"CODE_SIGN_IDENTITY[sdk=iphoneos*]" = "iPhone Developer";
				COPY_PHASE_STRIP = NO;
				DEBUG_INFORMATION_FORMAT = "dwarf-with-dsym";
				ENABLE_NS_ASSERTIONS = NO;
				ENABLE_STRICT_OBJC_MSGSEND = YES;
				GCC_C_LANGUAGE_STANDARD = gnu99;
				GCC_NO_COMMON_BLOCKS = YES;
				GCC_WARN_64_TO_32_BIT_CONVERSION = YES;
				GCC_WARN_ABOUT_RETURN_TYPE = YES_ERROR;
				GCC_WARN_UNDECLARED_SELECTOR = YES;
				GCC_WARN_UNINITIALIZED_AUTOS = YES_AGGRESSIVE;
				GCC_WARN_UNUSED_FUNCTION = YES;
				GCC_WARN_UNUSED_VARIABLE = YES;
				IPHONEOS_DEPLOYMENT_TARGET = 9.0;
				MTL_ENABLE_DEBUG_INFO = NO;
				SDKROOT = iphoneos;
				TARGETED_DEVICE_FAMILY = "1,2";
				VALIDATE_PRODUCT = YES;
			};
			name = Release;
		};
		8EFF916B1BBAF87C009DBF40 /* Debug */ = {
			isa = XCBuildConfiguration;
			buildSettings = {
				ASSETCATALOG_COMPILER_APPICON_NAME = AppIcon;
				CODE_SIGN_IDENTITY = "iPhone Developer";
				"CODE_SIGN_IDENTITY[sdk=iphoneos*]" = "iPhone Developer";
				INFOPLIST_FILE = "GoodmanZachary-hw4/Info.plist";
				IPHONEOS_DEPLOYMENT_TARGET = 9.0;
				LD_RUNPATH_SEARCH_PATHS = "$(inherited) @executable_path/Frameworks";
				PRODUCT_BUNDLE_IDENTIFIER = "cs378.GoodmanZachary-hw4";
				PRODUCT_NAME = "$(TARGET_NAME)";
				PROVISIONING_PROFILE = "";
				TARGETED_DEVICE_FAMILY = "1,2";
			};
			name = Debug;
		};
		8EFF916C1BBAF87C009DBF40 /* Release */ = {
			isa = XCBuildConfiguration;
			buildSettings = {
				ASSETCATALOG_COMPILER_APPICON_NAME = AppIcon;
				CODE_SIGN_IDENTITY = "iPhone Developer";
				"CODE_SIGN_IDENTITY[sdk=iphoneos*]" = "iPhone Developer";
				INFOPLIST_FILE = "GoodmanZachary-hw4/Info.plist";
				IPHONEOS_DEPLOYMENT_TARGET = 9.0;
				LD_RUNPATH_SEARCH_PATHS = "$(inherited) @executable_path/Frameworks";
				PRODUCT_BUNDLE_IDENTIFIER = "cs378.GoodmanZachary-hw4";
				PRODUCT_NAME = "$(TARGET_NAME)";
				PROVISIONING_PROFILE = "";
				TARGETED_DEVICE_FAMILY = "1,2";
			};
			name = Release;
		};
		8EFF916E1BBAF87C009DBF40 /* Debug */ = {
			isa = XCBuildConfiguration;
			buildSettings = {
				BUNDLE_LOADER = "$(TEST_HOST)";
				INFOPLIST_FILE = "GoodmanZachary-hw4Tests/Info.plist";
				LD_RUNPATH_SEARCH_PATHS = "$(inherited) @executable_path/Frameworks @loader_path/Frameworks";
				PRODUCT_BUNDLE_IDENTIFIER = "cs378.GoodmanZachary-hw4Tests";
				PRODUCT_NAME = "$(TARGET_NAME)";
				TEST_HOST = "$(BUILT_PRODUCTS_DIR)/GoodmanZachary-hw4.app/GoodmanZachary-hw4";
			};
			name = Debug;
		};
		8EFF916F1BBAF87C009DBF40 /* Release */ = {
			isa = XCBuildConfiguration;
			buildSettings = {
				BUNDLE_LOADER = "$(TEST_HOST)";
				INFOPLIST_FILE = "GoodmanZachary-hw4Tests/Info.plist";
				LD_RUNPATH_SEARCH_PATHS = "$(inherited) @executable_path/Frameworks @loader_path/Frameworks";
				PRODUCT_BUNDLE_IDENTIFIER = "cs378.GoodmanZachary-hw4Tests";
				PRODUCT_NAME = "$(TARGET_NAME)";
				TEST_HOST = "$(BUILT_PRODUCTS_DIR)/GoodmanZachary-hw4.app/GoodmanZachary-hw4";
			};
			name = Release;
		};
		8EFF91711BBAF87C009DBF40 /* Debug */ = {
			isa = XCBuildConfiguration;
			buildSettings = {
				INFOPLIST_FILE = "GoodmanZachary-hw4UITests/Info.plist";
				LD_RUNPATH_SEARCH_PATHS = "$(inherited) @executable_path/Frameworks @loader_path/Frameworks";
				PRODUCT_BUNDLE_IDENTIFIER = "cs378.GoodmanZachary-hw4UITests";
				PRODUCT_NAME = "$(TARGET_NAME)";
				TEST_TARGET_NAME = "GoodmanZachary-hw4";
				USES_XCTRUNNER = YES;
			};
			name = Debug;
		};
		8EFF91721BBAF87C009DBF40 /* Release */ = {
			isa = XCBuildConfiguration;
			buildSettings = {
				INFOPLIST_FILE = "GoodmanZachary-hw4UITests/Info.plist";
				LD_RUNPATH_SEARCH_PATHS = "$(inherited) @executable_path/Frameworks @loader_path/Frameworks";
				PRODUCT_BUNDLE_IDENTIFIER = "cs378.GoodmanZachary-hw4UITests";
				PRODUCT_NAME = "$(TARGET_NAME)";
				TEST_TARGET_NAME = "GoodmanZachary-hw4";
				USES_XCTRUNNER = YES;
			};
			name = Release;
		};
/* End XCBuildConfiguration section */

/* Begin XCConfigurationList section */
		8EFF913D1BBAF87B009DBF40 /* Build configuration list for PBXProject "GoodmanZachary-hw4" */ = {
			isa = XCConfigurationList;
			buildConfigurations = (
				8EFF91681BBAF87C009DBF40 /* Debug */,
				8EFF91691BBAF87C009DBF40 /* Release */,
			);
			defaultConfigurationIsVisible = 0;
			defaultConfigurationName = Release;
		};
		8EFF916A1BBAF87C009DBF40 /* Build configuration list for PBXNativeTarget "GoodmanZachary-hw4" */ = {
			isa = XCConfigurationList;
			buildConfigurations = (
				8EFF916B1BBAF87C009DBF40 /* Debug */,
				8EFF916C1BBAF87C009DBF40 /* Release */,
			);
			defaultConfigurationIsVisible = 0;
			defaultConfigurationName = Release;
		};
		8EFF916D1BBAF87C009DBF40 /* Build configuration list for PBXNativeTarget "GoodmanZachary-hw4Tests" */ = {
			isa = XCConfigurationList;
			buildConfigurations = (
				8EFF916E1BBAF87C009DBF40 /* Debug */,
				8EFF916F1BBAF87C009DBF40 /* Release */,
			);
			defaultConfigurationIsVisible = 0;
			defaultConfigurationName = Release;
		};
		8EFF91701BBAF87C009DBF40 /* Build configuration list for PBXNativeTarget "GoodmanZachary-hw4UITests" */ = {
			isa = XCConfigurationList;
			buildConfigurations = (
				8EFF91711BBAF87C009DBF40 /* Debug */,
				8EFF91721BBAF87C009DBF40 /* Release */,
			);
			defaultConfigurationIsVisible = 0;
			defaultConfigurationName = Release;
		};
/* End XCConfigurationList section */
	};
	rootObject = 8EFF913A1BBAF87B009DBF40 /* Project object */;
}
