// !$*UTF8*$!
{
	archiveVersion = 1;
	classes = {
	};
	objectVersion = 46;
	objects = {

/* Begin PBXBuildFile section */
		8EA71C881BC33713004F5942 /* AppDelegate.swift in Sources */ = {isa = PBXBuildFile; fileRef = 8EA71C871BC33713004F5942 /* AppDelegate.swift */; };
		8EA71C8A1BC33713004F5942 /* ViewController.swift in Sources */ = {isa = PBXBuildFile; fileRef = 8EA71C891BC33713004F5942 /* ViewController.swift */; };
		8EA71C8D1BC33713004F5942 /* Main.storyboard in Resources */ = {isa = PBXBuildFile; fileRef = 8EA71C8B1BC33713004F5942 /* Main.storyboard */; };
		8EA71C901BC33713004F5942 /* GoodmanZachary_hw5.xcdatamodeld in Sources */ = {isa = PBXBuildFile; fileRef = 8EA71C8E1BC33713004F5942 /* GoodmanZachary_hw5.xcdatamodeld */; };
		8EA71C921BC33713004F5942 /* Assets.xcassets in Resources */ = {isa = PBXBuildFile; fileRef = 8EA71C911BC33713004F5942 /* Assets.xcassets */; };
		8EA71C951BC33713004F5942 /* LaunchScreen.storyboard in Resources */ = {isa = PBXBuildFile; fileRef = 8EA71C931BC33713004F5942 /* LaunchScreen.storyboard */; };
		8EA71CA01BC33713004F5942 /* GoodmanZachary_hw5Tests.swift in Sources */ = {isa = PBXBuildFile; fileRef = 8EA71C9F1BC33713004F5942 /* GoodmanZachary_hw5Tests.swift */; };
		8EA71CAB1BC33713004F5942 /* GoodmanZachary_hw5UITests.swift in Sources */ = {isa = PBXBuildFile; fileRef = 8EA71CAA1BC33713004F5942 /* GoodmanZachary_hw5UITests.swift */; };
		8EA71CB91BC33755004F5942 /* Candidate.swift in Sources */ = {isa = PBXBuildFile; fileRef = 8EA71CB81BC33755004F5942 /* Candidate.swift */; settings = {ASSET_TAGS = (); }; };
		8EA71CC11BC3376D004F5942 /* CandidateTableViewController.swift in Sources */ = {isa = PBXBuildFile; fileRef = 8EA71CBA1BC3376D004F5942 /* CandidateTableViewController.swift */; settings = {ASSET_TAGS = (); }; };
		8EA71CC21BC3376D004F5942 /* CandidateDetailViewController.swift in Sources */ = {isa = PBXBuildFile; fileRef = 8EA71CBB1BC3376D004F5942 /* CandidateDetailViewController.swift */; settings = {ASSET_TAGS = (); }; };
		8EA71CC31BC3376D004F5942 /* CandidateManagerViewController.swift in Sources */ = {isa = PBXBuildFile; fileRef = 8EA71CBC1BC3376D004F5942 /* CandidateManagerViewController.swift */; settings = {ASSET_TAGS = (); }; };
		8EA71CC41BC3376D004F5942 /* MyPopoverViewController.swift in Sources */ = {isa = PBXBuildFile; fileRef = 8EA71CBD1BC3376D004F5942 /* MyPopoverViewController.swift */; settings = {ASSET_TAGS = (); }; };
		8EA71CC51BC3376D004F5942 /* VoteTableViewController.swift in Sources */ = {isa = PBXBuildFile; fileRef = 8EA71CBE1BC3376D004F5942 /* VoteTableViewController.swift */; settings = {ASSET_TAGS = (); }; };
		8EA71CC61BC3376D004F5942 /* ShowVoteTableViewController.swift in Sources */ = {isa = PBXBuildFile; fileRef = 8EA71CBF1BC3376D004F5942 /* ShowVoteTableViewController.swift */; settings = {ASSET_TAGS = (); }; };
		8EA71CC71BC3376D004F5942 /* AddCandidateViewController.swift in Sources */ = {isa = PBXBuildFile; fileRef = 8EA71CC01BC3376D004F5942 /* AddCandidateViewController.swift */; settings = {ASSET_TAGS = (); }; };
/* End PBXBuildFile section */

/* Begin PBXContainerItemProxy section */
		8EA71C9C1BC33713004F5942 /* PBXContainerItemProxy */ = {
			isa = PBXContainerItemProxy;
			containerPortal = 8EA71C7C1BC33712004F5942 /* Project object */;
			proxyType = 1;
			remoteGlobalIDString = 8EA71C831BC33713004F5942;
			remoteInfo = "GoodmanZachary-hw5";
		};
		8EA71CA71BC33713004F5942 /* PBXContainerItemProxy */ = {
			isa = PBXContainerItemProxy;
			containerPortal = 8EA71C7C1BC33712004F5942 /* Project object */;
			proxyType = 1;
			remoteGlobalIDString = 8EA71C831BC33713004F5942;
			remoteInfo = "GoodmanZachary-hw5";
		};
/* End PBXContainerItemProxy section */

/* Begin PBXFileReference section */
		8EA71C841BC33713004F5942 /* GoodmanZachary-hw5.app */ = {isa = PBXFileReference; explicitFileType = wrapper.application; includeInIndex = 0; path = "GoodmanZachary-hw5.app"; sourceTree = BUILT_PRODUCTS_DIR; };
		8EA71C871BC33713004F5942 /* AppDelegate.swift */ = {isa = PBXFileReference; lastKnownFileType = sourcecode.swift; path = AppDelegate.swift; sourceTree = "<group>"; };
		8EA71C891BC33713004F5942 /* ViewController.swift */ = {isa = PBXFileReference; lastKnownFileType = sourcecode.swift; path = ViewController.swift; sourceTree = "<group>"; };
		8EA71C8C1BC33713004F5942 /* Base */ = {isa = PBXFileReference; lastKnownFileType = file.storyboard; name = Base; path = Base.lproj/Main.storyboard; sourceTree = "<group>"; };
		8EA71C8F1BC33713004F5942 /* GoodmanZachary_hw5.xcdatamodel */ = {isa = PBXFileReference; lastKnownFileType = wrapper.xcdatamodel; path = GoodmanZachary_hw5.xcdatamodel; sourceTree = "<group>"; };
		8EA71C911BC33713004F5942 /* Assets.xcassets */ = {isa = PBXFileReference; lastKnownFileType = folder.assetcatalog; path = Assets.xcassets; sourceTree = "<group>"; };
		8EA71C941BC33713004F5942 /* Base */ = {isa = PBXFileReference; lastKnownFileType = file.storyboard; name = Base; path = Base.lproj/LaunchScreen.storyboard; sourceTree = "<group>"; };
		8EA71C961BC33713004F5942 /* Info.plist */ = {isa = PBXFileReference; lastKnownFileType = text.plist.xml; path = Info.plist; sourceTree = "<group>"; };
		8EA71C9B1BC33713004F5942 /* GoodmanZachary-hw5Tests.xctest */ = {isa = PBXFileReference; explicitFileType = wrapper.cfbundle; includeInIndex = 0; path = "GoodmanZachary-hw5Tests.xctest"; sourceTree = BUILT_PRODUCTS_DIR; };
		8EA71C9F1BC33713004F5942 /* GoodmanZachary_hw5Tests.swift */ = {isa = PBXFileReference; lastKnownFileType = sourcecode.swift; path = GoodmanZachary_hw5Tests.swift; sourceTree = "<group>"; };
		8EA71CA11BC33713004F5942 /* Info.plist */ = {isa = PBXFileReference; lastKnownFileType = text.plist.xml; path = Info.plist; sourceTree = "<group>"; };
		8EA71CA61BC33713004F5942 /* GoodmanZachary-hw5UITests.xctest */ = {isa = PBXFileReference; explicitFileType = wrapper.cfbundle; includeInIndex = 0; path = "GoodmanZachary-hw5UITests.xctest"; sourceTree = BUILT_PRODUCTS_DIR; };
		8EA71CAA1BC33713004F5942 /* GoodmanZachary_hw5UITests.swift */ = {isa = PBXFileReference; lastKnownFileType = sourcecode.swift; path = GoodmanZachary_hw5UITests.swift; sourceTree = "<group>"; };
		8EA71CAC1BC33713004F5942 /* Info.plist */ = {isa = PBXFileReference; lastKnownFileType = text.plist.xml; path = Info.plist; sourceTree = "<group>"; };
		8EA71CB81BC33755004F5942 /* Candidate.swift */ = {isa = PBXFileReference; fileEncoding = 4; lastKnownFileType = sourcecode.swift; path = Candidate.swift; sourceTree = "<group>"; };
		8EA71CBA1BC3376D004F5942 /* CandidateTableViewController.swift */ = {isa = PBXFileReference; fileEncoding = 4; lastKnownFileType = sourcecode.swift; path = CandidateTableViewController.swift; sourceTree = "<group>"; };
		8EA71CBB1BC3376D004F5942 /* CandidateDetailViewController.swift */ = {isa = PBXFileReference; fileEncoding = 4; lastKnownFileType = sourcecode.swift; path = CandidateDetailViewController.swift; sourceTree = "<group>"; };
		8EA71CBC1BC3376D004F5942 /* CandidateManagerViewController.swift */ = {isa = PBXFileReference; fileEncoding = 4; lastKnownFileType = sourcecode.swift; path = CandidateManagerViewController.swift; sourceTree = "<group>"; };
		8EA71CBD1BC3376D004F5942 /* MyPopoverViewController.swift */ = {isa = PBXFileReference; fileEncoding = 4; lastKnownFileType = sourcecode.swift; path = MyPopoverViewController.swift; sourceTree = "<group>"; };
		8EA71CBE1BC3376D004F5942 /* VoteTableViewController.swift */ = {isa = PBXFileReference; fileEncoding = 4; lastKnownFileType = sourcecode.swift; path = VoteTableViewController.swift; sourceTree = "<group>"; };
		8EA71CBF1BC3376D004F5942 /* ShowVoteTableViewController.swift */ = {isa = PBXFileReference; fileEncoding = 4; lastKnownFileType = sourcecode.swift; path = ShowVoteTableViewController.swift; sourceTree = "<group>"; };
		8EA71CC01BC3376D004F5942 /* AddCandidateViewController.swift */ = {isa = PBXFileReference; fileEncoding = 4; lastKnownFileType = sourcecode.swift; path = AddCandidateViewController.swift; sourceTree = "<group>"; };
/* End PBXFileReference section */

/* Begin PBXFrameworksBuildPhase section */
		8EA71C811BC33713004F5942 /* Frameworks */ = {
			isa = PBXFrameworksBuildPhase;
			buildActionMask = 2147483647;
			files = (
			);
			runOnlyForDeploymentPostprocessing = 0;
		};
		8EA71C981BC33713004F5942 /* Frameworks */ = {
			isa = PBXFrameworksBuildPhase;
			buildActionMask = 2147483647;
			files = (
			);
			runOnlyForDeploymentPostprocessing = 0;
		};
		8EA71CA31BC33713004F5942 /* Frameworks */ = {
			isa = PBXFrameworksBuildPhase;
			buildActionMask = 2147483647;
			files = (
			);
			runOnlyForDeploymentPostprocessing = 0;
		};
/* End PBXFrameworksBuildPhase section */

/* Begin PBXGroup section */
		8EA71C7B1BC33712004F5942 = {
			isa = PBXGroup;
			children = (
				8EA71C861BC33713004F5942 /* GoodmanZachary-hw5 */,
				8EA71C9E1BC33713004F5942 /* GoodmanZachary-hw5Tests */,
				8EA71CA91BC33713004F5942 /* GoodmanZachary-hw5UITests */,
				8EA71C851BC33713004F5942 /* Products */,
			);
			sourceTree = "<group>";
		};
		8EA71C851BC33713004F5942 /* Products */ = {
			isa = PBXGroup;
			children = (
				8EA71C841BC33713004F5942 /* GoodmanZachary-hw5.app */,
				8EA71C9B1BC33713004F5942 /* GoodmanZachary-hw5Tests.xctest */,
				8EA71CA61BC33713004F5942 /* GoodmanZachary-hw5UITests.xctest */,
			);
			name = Products;
			sourceTree = "<group>";
		};
		8EA71C861BC33713004F5942 /* GoodmanZachary-hw5 */ = {
			isa = PBXGroup;
			children = (
				8EA71C871BC33713004F5942 /* AppDelegate.swift */,
				8EA71C891BC33713004F5942 /* ViewController.swift */,
				8EA71C8B1BC33713004F5942 /* Main.storyboard */,
				8EA71C911BC33713004F5942 /* Assets.xcassets */,
				8EA71C931BC33713004F5942 /* LaunchScreen.storyboard */,
				8EA71CBA1BC3376D004F5942 /* CandidateTableViewController.swift */,
				8EA71CBB1BC3376D004F5942 /* CandidateDetailViewController.swift */,
				8EA71CBC1BC3376D004F5942 /* CandidateManagerViewController.swift */,
				8EA71CBD1BC3376D004F5942 /* MyPopoverViewController.swift */,
				8EA71CBE1BC3376D004F5942 /* VoteTableViewController.swift */,
				8EA71CBF1BC3376D004F5942 /* ShowVoteTableViewController.swift */,
				8EA71CC01BC3376D004F5942 /* AddCandidateViewController.swift */,
				8EA71C961BC33713004F5942 /* Info.plist */,
				8EA71C8E1BC33713004F5942 /* GoodmanZachary_hw5.xcdatamodeld */,
				8EA71CB81BC33755004F5942 /* Candidate.swift */,
			);
			path = "GoodmanZachary-hw5";
			sourceTree = "<group>";
		};
		8EA71C9E1BC33713004F5942 /* GoodmanZachary-hw5Tests */ = {
			isa = PBXGroup;
			children = (
				8EA71C9F1BC33713004F5942 /* GoodmanZachary_hw5Tests.swift */,
				8EA71CA11BC33713004F5942 /* Info.plist */,
			);
			path = "GoodmanZachary-hw5Tests";
			sourceTree = "<group>";
		};
		8EA71CA91BC33713004F5942 /* GoodmanZachary-hw5UITests */ = {
			isa = PBXGroup;
			children = (
				8EA71CAA1BC33713004F5942 /* GoodmanZachary_hw5UITests.swift */,
				8EA71CAC1BC33713004F5942 /* Info.plist */,
			);
			path = "GoodmanZachary-hw5UITests";
			sourceTree = "<group>";
		};
/* End PBXGroup section */

/* Begin PBXNativeTarget section */
		8EA71C831BC33713004F5942 /* GoodmanZachary-hw5 */ = {
			isa = PBXNativeTarget;
			buildConfigurationList = 8EA71CAF1BC33713004F5942 /* Build configuration list for PBXNativeTarget "GoodmanZachary-hw5" */;
			buildPhases = (
				8EA71C801BC33713004F5942 /* Sources */,
				8EA71C811BC33713004F5942 /* Frameworks */,
				8EA71C821BC33713004F5942 /* Resources */,
			);
			buildRules = (
			);
			dependencies = (
			);
			name = "GoodmanZachary-hw5";
			productName = "GoodmanZachary-hw5";
			productReference = 8EA71C841BC33713004F5942 /* GoodmanZachary-hw5.app */;
			productType = "com.apple.product-type.application";
		};
		8EA71C9A1BC33713004F5942 /* GoodmanZachary-hw5Tests */ = {
			isa = PBXNativeTarget;
			buildConfigurationList = 8EA71CB21BC33713004F5942 /* Build configuration list for PBXNativeTarget "GoodmanZachary-hw5Tests" */;
			buildPhases = (
				8EA71C971BC33713004F5942 /* Sources */,
				8EA71C981BC33713004F5942 /* Frameworks */,
				8EA71C991BC33713004F5942 /* Resources */,
			);
			buildRules = (
			);
			dependencies = (
				8EA71C9D1BC33713004F5942 /* PBXTargetDependency */,
			);
			name = "GoodmanZachary-hw5Tests";
			productName = "GoodmanZachary-hw5Tests";
			productReference = 8EA71C9B1BC33713004F5942 /* GoodmanZachary-hw5Tests.xctest */;
			productType = "com.apple.product-type.bundle.unit-test";
		};
		8EA71CA51BC33713004F5942 /* GoodmanZachary-hw5UITests */ = {
			isa = PBXNativeTarget;
			buildConfigurationList = 8EA71CB51BC33713004F5942 /* Build configuration list for PBXNativeTarget "GoodmanZachary-hw5UITests" */;
			buildPhases = (
				8EA71CA21BC33713004F5942 /* Sources */,
				8EA71CA31BC33713004F5942 /* Frameworks */,
				8EA71CA41BC33713004F5942 /* Resources */,
			);
			buildRules = (
			);
			dependencies = (
				8EA71CA81BC33713004F5942 /* PBXTargetDependency */,
			);
			name = "GoodmanZachary-hw5UITests";
			productName = "GoodmanZachary-hw5UITests";
			productReference = 8EA71CA61BC33713004F5942 /* GoodmanZachary-hw5UITests.xctest */;
			productType = "com.apple.product-type.bundle.ui-testing";
		};
/* End PBXNativeTarget section */

/* Begin PBXProject section */
		8EA71C7C1BC33712004F5942 /* Project object */ = {
			isa = PBXProject;
			attributes = {
				LastUpgradeCheck = 0700;
				ORGANIZATIONNAME = "Zach Goodman";
				TargetAttributes = {
					8EA71C831BC33713004F5942 = {
						CreatedOnToolsVersion = 7.0.1;
						DevelopmentTeam = 776TH5N8U4;
					};
					8EA71C9A1BC33713004F5942 = {
						CreatedOnToolsVersion = 7.0.1;
						DevelopmentTeam = 776TH5N8U4;
						TestTargetID = 8EA71C831BC33713004F5942;
					};
					8EA71CA51BC33713004F5942 = {
						CreatedOnToolsVersion = 7.0.1;
						DevelopmentTeam = 776TH5N8U4;
						TestTargetID = 8EA71C831BC33713004F5942;
					};
				};
			};
			buildConfigurationList = 8EA71C7F1BC33712004F5942 /* Build configuration list for PBXProject "GoodmanZachary-hw5" */;
			compatibilityVersion = "Xcode 3.2";
			developmentRegion = English;
			hasScannedForEncodings = 0;
			knownRegions = (
				en,
				Base,
			);
			mainGroup = 8EA71C7B1BC33712004F5942;
			productRefGroup = 8EA71C851BC33713004F5942 /* Products */;
			projectDirPath = "";
			projectRoot = "";
			targets = (
				8EA71C831BC33713004F5942 /* GoodmanZachary-hw5 */,
				8EA71C9A1BC33713004F5942 /* GoodmanZachary-hw5Tests */,
				8EA71CA51BC33713004F5942 /* GoodmanZachary-hw5UITests */,
			);
		};
/* End PBXProject section */

/* Begin PBXResourcesBuildPhase section */
		8EA71C821BC33713004F5942 /* Resources */ = {
			isa = PBXResourcesBuildPhase;
			buildActionMask = 2147483647;
			files = (
				8EA71C951BC33713004F5942 /* LaunchScreen.storyboard in Resources */,
				8EA71C921BC33713004F5942 /* Assets.xcassets in Resources */,
				8EA71C8D1BC33713004F5942 /* Main.storyboard in Resources */,
			);
			runOnlyForDeploymentPostprocessing = 0;
		};
		8EA71C991BC33713004F5942 /* Resources */ = {
			isa = PBXResourcesBuildPhase;
			buildActionMask = 2147483647;
			files = (
			);
			runOnlyForDeploymentPostprocessing = 0;
		};
		8EA71CA41BC33713004F5942 /* Resources */ = {
			isa = PBXResourcesBuildPhase;
			buildActionMask = 2147483647;
			files = (
			);
			runOnlyForDeploymentPostprocessing = 0;
		};
/* End PBXResourcesBuildPhase section */

/* Begin PBXSourcesBuildPhase section */
		8EA71C801BC33713004F5942 /* Sources */ = {
			isa = PBXSourcesBuildPhase;
			buildActionMask = 2147483647;
			files = (
				8EA71CC41BC3376D004F5942 /* MyPopoverViewController.swift in Sources */,
				8EA71CC51BC3376D004F5942 /* VoteTableViewController.swift in Sources */,
				8EA71C901BC33713004F5942 /* GoodmanZachary_hw5.xcdatamodeld in Sources */,
				8EA71CC21BC3376D004F5942 /* CandidateDetailViewController.swift in Sources */,
				8EA71C8A1BC33713004F5942 /* ViewController.swift in Sources */,
				8EA71C881BC33713004F5942 /* AppDelegate.swift in Sources */,
				8EA71CC31BC3376D004F5942 /* CandidateManagerViewController.swift in Sources */,
				8EA71CC11BC3376D004F5942 /* CandidateTableViewController.swift in Sources */,
				8EA71CC61BC3376D004F5942 /* ShowVoteTableViewController.swift in Sources */,
				8EA71CC71BC3376D004F5942 /* AddCandidateViewController.swift in Sources */,
				8EA71CB91BC33755004F5942 /* Candidate.swift in Sources */,
			);
			runOnlyForDeploymentPostprocessing = 0;
		};
		8EA71C971BC33713004F5942 /* Sources */ = {
			isa = PBXSourcesBuildPhase;
			buildActionMask = 2147483647;
			files = (
				8EA71CA01BC33713004F5942 /* GoodmanZachary_hw5Tests.swift in Sources */,
			);
			runOnlyForDeploymentPostprocessing = 0;
		};
		8EA71CA21BC33713004F5942 /* Sources */ = {
			isa = PBXSourcesBuildPhase;
			buildActionMask = 2147483647;
			files = (
				8EA71CAB1BC33713004F5942 /* GoodmanZachary_hw5UITests.swift in Sources */,
			);
			runOnlyForDeploymentPostprocessing = 0;
		};
/* End PBXSourcesBuildPhase section */

/* Begin PBXTargetDependency section */
		8EA71C9D1BC33713004F5942 /* PBXTargetDependency */ = {
			isa = PBXTargetDependency;
			target = 8EA71C831BC33713004F5942 /* GoodmanZachary-hw5 */;
			targetProxy = 8EA71C9C1BC33713004F5942 /* PBXContainerItemProxy */;
		};
		8EA71CA81BC33713004F5942 /* PBXTargetDependency */ = {
			isa = PBXTargetDependency;
			target = 8EA71C831BC33713004F5942 /* GoodmanZachary-hw5 */;
			targetProxy = 8EA71CA71BC33713004F5942 /* PBXContainerItemProxy */;
		};
/* End PBXTargetDependency section */

/* Begin PBXVariantGroup section */
		8EA71C8B1BC33713004F5942 /* Main.storyboard */ = {
			isa = PBXVariantGroup;
			children = (
				8EA71C8C1BC33713004F5942 /* Base */,
			);
			name = Main.storyboard;
			sourceTree = "<group>";
		};
		8EA71C931BC33713004F5942 /* LaunchScreen.storyboard */ = {
			isa = PBXVariantGroup;
			children = (
				8EA71C941BC33713004F5942 /* Base */,
			);
			name = LaunchScreen.storyboard;
			sourceTree = "<group>";
		};
/* End PBXVariantGroup section */

/* Begin XCBuildConfiguration section */
		8EA71CAD1BC33713004F5942 /* Debug */ = {
			isa = XCBuildConfiguration;
			buildSettings = {
				ALWAYS_SEARCH_USER_PATHS = NO;
				CLANG_CXX_LANGUAGE_STANDARD = "gnu++0x";
				CLANG_CXX_LIBRARY = "libc++";
				CLANG_ENABLE_MODULES = YES;
				CLANG_ENABLE_OBJC_ARC = YES;
				CLANG_WARN_BOOL_CONVERSION = YES;
				CLANG_WARN_CONSTANT_CONVERSION = YES;
				CLANG_WARN_DIRECT_OBJC_ISA_USAGE = YES_ERROR;
				CLANG_WARN_EMPTY_BODY = YES;
				CLANG_WARN_ENUM_CONVERSION = YES;
				CLANG_WARN_INT_CONVERSION = YES;
				CLANG_WARN_OBJC_ROOT_CLASS = YES_ERROR;
				CLANG_WARN_UNREACHABLE_CODE = YES;
				CLANG_WARN__DUPLICATE_METHOD_MATCH = YES;
				"CODE_SIGN_IDENTITY[sdk=iphoneos*]" = "iPhone Developer";
				COPY_PHASE_STRIP = NO;
				DEBUG_INFORMATION_FORMAT = dwarf;
				ENABLE_STRICT_OBJC_MSGSEND = YES;
				ENABLE_TESTABILITY = YES;
				GCC_C_LANGUAGE_STANDARD = gnu99;
				GCC_DYNAMIC_NO_PIC = NO;
				GCC_NO_COMMON_BLOCKS = YES;
				GCC_OPTIMIZATION_LEVEL = 0;
				GCC_PREPROCESSOR_DEFINITIONS = (
					"DEBUG=1",
					"$(inherited)",
				);
				GCC_WARN_64_TO_32_BIT_CONVERSION = YES;
				GCC_WARN_ABOUT_RETURN_TYPE = YES_ERROR;
				GCC_WARN_UNDECLARED_SELECTOR = YES;
				GCC_WARN_UNINITIALIZED_AUTOS = YES_AGGRESSIVE;
				GCC_WARN_UNUSED_FUNCTION = YES;
				GCC_WARN_UNUSED_VARIABLE = YES;
				IPHONEOS_DEPLOYMENT_TARGET = 9.0;
				MTL_ENABLE_DEBUG_INFO = YES;
				ONLY_ACTIVE_ARCH = YES;
				SDKROOT = iphoneos;
				SWIFT_OPTIMIZATION_LEVEL = "-Onone";
				TARGETED_DEVICE_FAMILY = "1,2";
			};
			name = Debug;
		};
		8EA71CAE1BC33713004F5942 /* Release */ = {
			isa = XCBuildConfiguration;
			buildSettings = {
				ALWAYS_SEARCH_USER_PATHS = NO;
				CLANG_CXX_LANGUAGE_STANDARD = "gnu++0x";
				CLANG_CXX_LIBRARY = "libc++";
				CLANG_ENABLE_MODULES = YES;
				CLANG_ENABLE_OBJC_ARC = YES;
				CLANG_WARN_BOOL_CONVERSION = YES;
				CLANG_WARN_CONSTANT_CONVERSION = YES;
				CLANG_WARN_DIRECT_OBJC_ISA_USAGE = YES_ERROR;
				CLANG_WARN_EMPTY_BODY = YES;
				CLANG_WARN_ENUM_CONVERSION = YES;
				CLANG_WARN_INT_CONVERSION = YES;
				CLANG_WARN_OBJC_ROOT_CLASS = YES_ERROR;
				CLANG_WARN_UNREACHABLE_CODE = YES;
				CLANG_WARN__DUPLICATE_METHOD_MATCH = YES;
				"CODE_SIGN_IDENTITY[sdk=iphoneos*]" = "iPhone Developer";
				COPY_PHASE_STRIP = NO;
				DEBUG_INFORMATION_FORMAT = "dwarf-with-dsym";
				ENABLE_NS_ASSERTIONS = NO;
				ENABLE_STRICT_OBJC_MSGSEND = YES;
				GCC_C_LANGUAGE_STANDARD = gnu99;
				GCC_NO_COMMON_BLOCKS = YES;
				GCC_WARN_64_TO_32_BIT_CONVERSION = YES;
				GCC_WARN_ABOUT_RETURN_TYPE = YES_ERROR;
				GCC_WARN_UNDECLARED_SELECTOR = YES;
				GCC_WARN_UNINITIALIZED_AUTOS = YES_AGGRESSIVE;
				GCC_WARN_UNUSED_FUNCTION = YES;
				GCC_WARN_UNUSED_VARIABLE = YES;
				IPHONEOS_DEPLOYMENT_TARGET = 9.0;
				MTL_ENABLE_DEBUG_INFO = NO;
				SDKROOT = iphoneos;
				TARGETED_DEVICE_FAMILY = "1,2";
				VALIDATE_PRODUCT = YES;
			};
			name = Release;
		};
		8EA71CB01BC33713004F5942 /* Debug */ = {
			isa = XCBuildConfiguration;
			buildSettings = {
				ASSETCATALOG_COMPILER_APPICON_NAME = AppIcon;
				INFOPLIST_FILE = "GoodmanZachary-hw5/Info.plist";
				LD_RUNPATH_SEARCH_PATHS = "$(inherited) @executable_path/Frameworks";
				PRODUCT_BUNDLE_IDENTIFIER = "cs378.GoodmanZachary-hw5";
				PRODUCT_NAME = "$(TARGET_NAME)";
			};
			name = Debug;
		};
		8EA71CB11BC33713004F5942 /* Release */ = {
			isa = XCBuildConfiguration;
			buildSettings = {
				ASSETCATALOG_COMPILER_APPICON_NAME = AppIcon;
				INFOPLIST_FILE = "GoodmanZachary-hw5/Info.plist";
				LD_RUNPATH_SEARCH_PATHS = "$(inherited) @executable_path/Frameworks";
				PRODUCT_BUNDLE_IDENTIFIER = "cs378.GoodmanZachary-hw5";
				PRODUCT_NAME = "$(TARGET_NAME)";
			};
			name = Release;
		};
		8EA71CB31BC33713004F5942 /* Debug */ = {
			isa = XCBuildConfiguration;
			buildSettings = {
				BUNDLE_LOADER = "$(TEST_HOST)";
				INFOPLIST_FILE = "GoodmanZachary-hw5Tests/Info.plist";
				LD_RUNPATH_SEARCH_PATHS = "$(inherited) @executable_path/Frameworks @loader_path/Frameworks";
				PRODUCT_BUNDLE_IDENTIFIER = "cs378.GoodmanZachary-hw5Tests";
				PRODUCT_NAME = "$(TARGET_NAME)";
				TEST_HOST = "$(BUILT_PRODUCTS_DIR)/GoodmanZachary-hw5.app/GoodmanZachary-hw5";
			};
			name = Debug;
		};
		8EA71CB41BC33713004F5942 /* Release */ = {
			isa = XCBuildConfiguration;
			buildSettings = {
				BUNDLE_LOADER = "$(TEST_HOST)";
				INFOPLIST_FILE = "GoodmanZachary-hw5Tests/Info.plist";
				LD_RUNPATH_SEARCH_PATHS = "$(inherited) @executable_path/Frameworks @loader_path/Frameworks";
				PRODUCT_BUNDLE_IDENTIFIER = "cs378.GoodmanZachary-hw5Tests";
				PRODUCT_NAME = "$(TARGET_NAME)";
				TEST_HOST = "$(BUILT_PRODUCTS_DIR)/GoodmanZachary-hw5.app/GoodmanZachary-hw5";
			};
			name = Release;
		};
		8EA71CB61BC33713004F5942 /* Debug */ = {
			isa = XCBuildConfiguration;
			buildSettings = {
				INFOPLIST_FILE = "GoodmanZachary-hw5UITests/Info.plist";
				LD_RUNPATH_SEARCH_PATHS = "$(inherited) @executable_path/Frameworks @loader_path/Frameworks";
				PRODUCT_BUNDLE_IDENTIFIER = "cs378.GoodmanZachary-hw5UITests";
				PRODUCT_NAME = "$(TARGET_NAME)";
				TEST_TARGET_NAME = "GoodmanZachary-hw5";
				USES_XCTRUNNER = YES;
			};
			name = Debug;
		};
		8EA71CB71BC33713004F5942 /* Release */ = {
			isa = XCBuildConfiguration;
			buildSettings = {
				INFOPLIST_FILE = "GoodmanZachary-hw5UITests/Info.plist";
				LD_RUNPATH_SEARCH_PATHS = "$(inherited) @executable_path/Frameworks @loader_path/Frameworks";
				PRODUCT_BUNDLE_IDENTIFIER = "cs378.GoodmanZachary-hw5UITests";
				PRODUCT_NAME = "$(TARGET_NAME)";
				TEST_TARGET_NAME = "GoodmanZachary-hw5";
				USES_XCTRUNNER = YES;
			};
			name = Release;
		};
/* End XCBuildConfiguration section */

/* Begin XCConfigurationList section */
		8EA71C7F1BC33712004F5942 /* Build configuration list for PBXProject "GoodmanZachary-hw5" */ = {
			isa = XCConfigurationList;
			buildConfigurations = (
				8EA71CAD1BC33713004F5942 /* Debug */,
				8EA71CAE1BC33713004F5942 /* Release */,
			);
			defaultConfigurationIsVisible = 0;
			defaultConfigurationName = Release;
		};
		8EA71CAF1BC33713004F5942 /* Build configuration list for PBXNativeTarget "GoodmanZachary-hw5" */ = {
			isa = XCConfigurationList;
			buildConfigurations = (
				8EA71CB01BC33713004F5942 /* Debug */,
				8EA71CB11BC33713004F5942 /* Release */,
			);
			defaultConfigurationIsVisible = 0;
		};
		8EA71CB21BC33713004F5942 /* Build configuration list for PBXNativeTarget "GoodmanZachary-hw5Tests" */ = {
			isa = XCConfigurationList;
			buildConfigurations = (
				8EA71CB31BC33713004F5942 /* Debug */,
				8EA71CB41BC33713004F5942 /* Release */,
			);
			defaultConfigurationIsVisible = 0;
		};
		8EA71CB51BC33713004F5942 /* Build configuration list for PBXNativeTarget "GoodmanZachary-hw5UITests" */ = {
			isa = XCConfigurationList;
			buildConfigurations = (
				8EA71CB61BC33713004F5942 /* Debug */,
				8EA71CB71BC33713004F5942 /* Release */,
			);
			defaultConfigurationIsVisible = 0;
		};
/* End XCConfigurationList section */

/* Begin XCVersionGroup section */
		8EA71C8E1BC33713004F5942 /* GoodmanZachary_hw5.xcdatamodeld */ = {
			isa = XCVersionGroup;
			children = (
				8EA71C8F1BC33713004F5942 /* GoodmanZachary_hw5.xcdatamodel */,
			);
			currentVersion = 8EA71C8F1BC33713004F5942 /* GoodmanZachary_hw5.xcdatamodel */;
			path = GoodmanZachary_hw5.xcdatamodeld;
			sourceTree = "<group>";
			versionGroupType = wrapper.xcdatamodel;
		};
/* End XCVersionGroup section */
	};
	rootObject = 8EA71C7C1BC33712004F5942 /* Project object */;
}
